
Microsoft Visual Studio Solution File, Format Version 12.00
# Visual Studio Version 18
VisualStudioVersion = 18.4.11620.152
MinimumVisualStudioVersion = 10.0.40219.1
Project("{FAE04EC0-301F-11D3-BF4B-00C04F79EFBC}") = "Community.Salto.Nebula.EmergencyKey.V1", "src\Community.Salto.Nebula.EmergencyKey.V1\Community.Salto.Nebula.EmergencyKey.V1.csproj", "{F2EAF69D-FF44-4316-BAEC-EF748E125C3A}"
EndProject
Project("{FAE04EC0-301F-11D3-BF4B-00C04F79EFBC}") = "Community.Saltoapis.Auth", "src\Community.Saltoapis.Auth\Community.Saltoapis.Auth.csproj", "{EF513E3B-13EB-49F2-B853-CABCCE342AD8}"
EndProject
Project("{FAE04EC0-301F-11D3-BF4B-00C04F79EFBC}") = "Community.Saltoapis.Auth.Tests", "src\Community.Saltoapis.Auth.Tests\Community.Saltoapis.Auth.Tests.csproj", "{DEF862F0-B866-4C17-82D8-7578403A7284}"
EndProject
Project("{FAE04EC0-301F-11D3-BF4B-00C04F79EFBC}") = "Community.Saltoapis.Longrunning.V1", "src\Community.Saltoapis.Longrunning.V1\Community.Saltoapis.Longrunning.V1.csproj", "{BF78F9F9-8638-4978-BB54-29C444C13DA9}"
EndProject
Project("{FAE04EC0-301F-11D3-BF4B-00C04F79EFBC}") = "Community.Saltoapis.Nebula.AccessPoint.V1", "src\Community.Saltoapis.Nebula.AccessPoint.V1\Community.Saltoapis.Nebula.AccessPoint.V1.csproj", "{3D79F0FC-6A56-45F2-A3B9-80BC49FDCF07}"
EndProject
Project("{FAE04EC0-301F-11D3-BF4B-00C04F79EFBC}") = "Community.Saltoapis.Nebula.Type", "src\Community.Saltoapis.Nebula.Type\Community.Saltoapis.Nebula.Type.csproj", "{A582931B-3110-4154-9D5D-33325BC303EC}"
EndProject
Project("{FAE04EC0-301F-11D3-BF4B-00C04F79EFBC}") = "Community.Saltoapis.Type", "src\Community.Saltoapis.Type\Community.Saltoapis.Type.csproj", "{F3EC8D05-266F-49F2-BB36-774E70321B55}"
EndProject
Project("{FAE04EC0-301F-11D3-BF4B-00C04F79EFBC}") = "Community.Saltoapis.Nebula.AccessPointGroup.V1", "src\Community.Saltoapis.Nebula.AccessPointGroup.V1\Community.Saltoapis.Nebula.AccessPointGroup.V1.csproj", "{0B8DF50B-F833-4829-9BFF-AD684890A6DE}"
EndProject
Project("{FAE04EC0-301F-11D3-BF4B-00C04F79EFBC}") = "Community.Saltoapis.Nebula.AccessRight.V1", "src\Community.Saltoapis.Nebula.AccessRight.V1\Community.Saltoapis.Nebula.AccessRight.V1.csproj", "{8ED5180E-D314-4207-B201-E4BA31FB7A03}"
EndProject
Project("{FAE04EC0-301F-11D3-BF4B-00C04F79EFBC}") = "Community.Saltoapis.Nebula.Booking.V1", "src\Community.Saltoapis.Nebula.Booking.V1\Community.Saltoapis.Nebula.Booking.V1.csproj", "{25FC2BFC-4C7B-45C4-A76A-2CEC23DE5017}"
EndProject
Project("{FAE04EC0-301F-11D3-BF4B-00C04F79EFBC}") = "Community.Saltoapis.Nebula.Calendar.V1", "src\Community.Saltoapis.Nebula.Calendar.V1\Community.Saltoapis.Nebula.Calendar.V1.csproj", "{55837F3D-C138-4B2A-9C10-A8736ED71F6A}"
EndProject
Project("{FAE04EC0-301F-11D3-BF4B-00C04F79EFBC}") = "Community.Saltoapis.Nebula.Controller.V1", "src\Community.Saltoapis.Nebula.Controller.V1\Community.Saltoapis.Nebula.Controller.V1.csproj", "{0036E483-9719-4E4F-A015-9665AE04C314}"
EndProject
Project("{FAE04EC0-301F-11D3-BF4B-00C04F79EFBC}") = "Community.Saltoapis.Nebula.Destination.V1", "src\Community.Saltoapis.Nebula.Destination.V1\Community.Saltoapis.Nebula.Destination.V1.csproj", "{12610DD9-A382-480B-89CF-AACD84110331}"
EndProject
Project("{FAE04EC0-301F-11D3-BF4B-00C04F79EFBC}") = "Community.Saltoapis.Nebula.Device.V1", "src\Community.Saltoapis.Nebula.Device.V1\Community.Saltoapis.Nebula.Device.V1.csproj", "{042C64F7-EA93-4B3E-B936-D9EC1C718C69}"
EndProject
Project("{FAE04EC0-301F-11D3-BF4B-00C04F79EFBC}") = "Community.Saltoapis.Nebula.DigitalKey.V1", "src\Community.Saltoapis.Nebula.DigitalKey.V1\Community.Saltoapis.Nebula.DigitalKey.V1.csproj", "{C5D8AFBD-1A77-40E4-A9B6-9AB2B2EA9DB4}"
EndProject
Project("{FAE04EC0-301F-11D3-BF4B-00C04F79EFBC}") = "Community.Saltoapis.Nebula.ElectronicKey.V1", "src\Community.Saltoapis.Nebula.ElectronicKey.V1\Community.Saltoapis.Nebula.ElectronicKey.V1.csproj", "{4B5D0A16-7660-4BF7-B648-742AF4B82841}"
EndProject
Project("{FAE04EC0-301F-11D3-BF4B-00C04F79EFBC}") = "Community.Saltoapis.Nebula.ElectronicLock.V1", "src\Community.Saltoapis.Nebula.ElectronicLock.V1\Community.Saltoapis.Nebula.ElectronicLock.V1.csproj", "{3F8E61B6-10C7-4D0E-9358-0E2FE9FD218C}"
EndProject
Project("{FAE04EC0-301F-11D3-BF4B-00C04F79EFBC}") = "Community.Saltoapis.Nebula.Encoder.V1", "src\Community.Saltoapis.Nebula.Encoder.V1\Community.Saltoapis.Nebula.Encoder.V1.csproj", "{7E114F31-B36D-4770-9507-2E6060256169}"
EndProject
Project("{FAE04EC0-301F-11D3-BF4B-00C04F79EFBC}") = "Community.Saltoapis.Nebula.Event.V1", "src\Community.Saltoapis.Nebula.Event.V1\Community.Saltoapis.Nebula.Event.V1.csproj", "{8EE6B211-2527-4E4E-BC21-E4D448AF4F5C}"
EndProject
Project("{FAE04EC0-301F-11D3-BF4B-00C04F79EFBC}") = "Community.Saltoapis.Nebula.Unit.V1", "src\Community.Saltoapis.Nebula.Unit.V1\Community.Saltoapis.Nebula.Unit.V1.csproj", "{CE500B38-9EF7-441B-8219-6A7D59FD6914}"
EndProject
Project("{FAE04EC0-301F-11D3-BF4B-00C04F79EFBC}") = "Community.Saltoapis.Nebula.User.V1", "src\Community.Saltoapis.Nebula.User.V1\Community.Saltoapis.Nebula.User.V1.csproj", "{4D8557F8-22F2-4CD5-8152-8BE13E0A533F}"
EndProject
Project("{FAE04EC0-301F-11D3-BF4B-00C04F79EFBC}") = "Community.Saltoapis.Nebula.Extender.V1", "src\Community.Saltoapis.Nebula.Extender.V1\Community.Saltoapis.Nebula.Extender.V1.csproj", "{E2D264C7-7C09-4216-892A-7A236327BCD2}"
EndProject
Project("{FAE04EC0-301F-11D3-BF4B-00C04F79EFBC}") = "Community.Saltoapis.Nebula.File.V1", "src\Community.Saltoapis.Nebula.File.V1\Community.Saltoapis.Nebula.File.V1.csproj", "{BB52C767-E22F-464D-A788-0EF081BC08F8}"
EndProject
Project("{FAE04EC0-301F-11D3-BF4B-00C04F79EFBC}") = "Community.Saltoapis.Nebula.Gateway.V1", "src\Community.Saltoapis.Nebula.Gateway.V1\Community.Saltoapis.Nebula.Gateway.V1.csproj", "{E7DB86A3-951F-43DD-99D1-CB33CC151E71}"
EndProject
Project("{FAE04EC0-301F-11D3-BF4B-00C04F79EFBC}") = "Community.Saltoapis.Nebula.Iam.V1", "src\Community.Saltoapis.Nebula.Iam.V1\Community.Saltoapis.Nebula.Iam.V1.csproj", "{B81801A5-94B4-428B-9C4D-E846CA4F2A91}"
EndProject
Project("{FAE04EC0-301F-11D3-BF4B-00C04F79EFBC}") = "Community.Saltoapis.Nebula.Installation.V1", "src\Community.Saltoapis.Nebula.Installation.V1\Community.Saltoapis.Nebula.Installation.V1.csproj", "{71BE035E-124B-4F6E-B22A-6BB2112B7FD2}"
EndProject
Project("{FAE04EC0-301F-11D3-BF4B-00C04F79EFBC}") = "Community.Saltoapis.Nebula.IntercomAdaptor.V1", "src\Community.Saltoapis.Nebula.IntercomAdaptor.V1\Community.Saltoapis.Nebula.IntercomAdaptor.V1.csproj", "{468C95E5-C212-4618-A7AC-C465BCBC7613}"
EndProject
Project("{FAE04EC0-301F-11D3-BF4B-00C04F79EFBC}") = "Community.Saltoapis.Nebula.OpeningModeSchedule.V1", "src\Community.Saltoapis.Nebula.OpeningModeSchedule.V1\Community.Saltoapis.Nebula.OpeningModeSchedule.V1.csproj", "{1A055260-1B95-4FCF-A913-DFBBDEB96119}"
EndProject
Project("{2150E333-8FDC-42A3-9474-1A3956D46DE8}") = "src-extended", "src-extended", "{D89722B1-7082-964B-5EB3-32CAD3EDD7FF}"
EndProject
Project("{FAE04EC0-301F-11D3-BF4B-00C04F79EFBC}") = "Community.Salto.Extended.Nebula.EmergencyKey.V1", "src-extended\Community.Salto.Nebula.EmergencyKey.V1\Community.Salto.Extended.Nebula.EmergencyKey.V1.csproj", "{278C3AB6-7864-4D32-B321-D80847F94F24}"
EndProject
Project("{FAE04EC0-301F-11D3-BF4B-00C04F79EFBC}") = "Community.Saltoapis.Extended.Auth", "src-extended\Community.Saltoapis.Extended.Auth\Community.Saltoapis.Extended.Auth.csproj", "{1D65D5BB-4C18-47D9-976C-BA93BB89E6FA}"
EndProject
Project("{FAE04EC0-301F-11D3-BF4B-00C04F79EFBC}") = "Community.Saltoapis.Extended.Auth.Tests", "src-extended\Community.Saltoapis.Extended.Auth.Tests\Community.Saltoapis.Extended.Auth.Tests.csproj", "{178E59C4-50A4-4C09-84E4-1E7BC730ECD2}"
EndProject
Project("{FAE04EC0-301F-11D3-BF4B-00C04F79EFBC}") = "Community.Saltoapis.Extended.Longrunning.V1", "src-extended\Community.Saltoapis.Extended.Longrunning.V1\Community.Saltoapis.Extended.Longrunning.V1.csproj", "{180C0BD3-E67E-4705-8B5A-96BEA0F80740}"
EndProject
Project("{FAE04EC0-301F-11D3-BF4B-00C04F79EFBC}") = "Community.Saltoapis.Extended.Nebula.AccessPoint.V1", "src-extended\Community.Saltoapis.Extended.Nebula.AccessPoint.V1\Community.Saltoapis.Extended.Nebula.AccessPoint.V1.csproj", "{3768B656-9FA5-4ABF-9B35-1C2C1F7FBC96}"
EndProject
Project("{FAE04EC0-301F-11D3-BF4B-00C04F79EFBC}") = "Community.Saltoapis.Extended.Nebula.Type", "src-extended\Community.Saltoapis.Extended.Nebula.Type\Community.Saltoapis.Extended.Nebula.Type.csproj", "{AE2E424E-6D6D-4987-B870-3648B807A506}"
EndProject
Project("{FAE04EC0-301F-11D3-BF4B-00C04F79EFBC}") = "Community.Saltoapis.Extended.Type", "src-extended\Community.Saltoapis.Extended.Type\Community.Saltoapis.Extended.Type.csproj", "{BA692C2A-A062-41BF-BF05-E084A0560341}"
EndProject
Project("{FAE04EC0-301F-11D3-BF4B-00C04F79EFBC}") = "Community.Saltoapis.Extended.Nebula.AccessPointGroup.V1", "src-extended\Community.Saltoapis.Extended.Nebula.AccessPointGroup.V1\Community.Saltoapis.Extended.Nebula.AccessPointGroup.V1.csproj", "{2B1BB1ED-7C73-4B3B-8867-340CEB9DAB6A}"
EndProject
Project("{FAE04EC0-301F-11D3-BF4B-00C04F79EFBC}") = "Community.Saltoapis.Extended.Nebula.AccessRight.V1", "src-extended\Community.Saltoapis.Extended.Nebula.AccessRight.V1\Community.Saltoapis.Extended.Nebula.AccessRight.V1.csproj", "{C520C2D6-4D4D-4903-B925-40106CDCCA5F}"
EndProject
Project("{FAE04EC0-301F-11D3-BF4B-00C04F79EFBC}") = "Community.Saltoapis.Extended.Nebula.Booking.V1", "src-extended\Community.Saltoapis.Extended.Nebula.Booking.V1\Community.Saltoapis.Extended.Nebula.Booking.V1.csproj", "{9A8412CA-B988-4D6B-A40B-4EDCDB0A8C6D}"
EndProject
Project("{FAE04EC0-301F-11D3-BF4B-00C04F79EFBC}") = "Community.Saltoapis.Extended.Nebula.Calendar.V1", "src-extended\Community.Saltoapis.Extended.Nebula.Calendar.V1\Community.Saltoapis.Extended.Nebula.Calendar.V1.csproj", "{CBFF91BA-2503-4129-96DD-74D1AC4FA027}"
EndProject
Project("{FAE04EC0-301F-11D3-BF4B-00C04F79EFBC}") = "Community.Saltoapis.Extended.Nebula.Controller.V1", "src-extended\Community.Saltoapis.Extended.Nebula.Controller.V1\Community.Saltoapis.Extended.Nebula.Controller.V1.csproj", "{7E64EA5B-3037-4B28-830B-EAC0EEBEAC73}"
EndProject
Project("{FAE04EC0-301F-11D3-BF4B-00C04F79EFBC}") = "Community.Saltoapis.Extended.Nebula.Destination.V1", "src-extended\Community.Saltoapis.Extended.Nebula.Destination.V1\Community.Saltoapis.Extended.Nebula.Destination.V1.csproj", "{55B0B9B2-F58B-4E7B-A2E9-FB809AA0EDE3}"
EndProject
Project("{FAE04EC0-301F-11D3-BF4B-00C04F79EFBC}") = "Community.Saltoapis.Extended.Nebula.Device.V1", "src-extended\Community.Saltoapis.Extended.Nebula.Device.V1\Community.Saltoapis.Extended.Nebula.Device.V1.csproj", "{2923D332-AD31-4CB9-B7D1-CE740A5ECBC2}"
EndProject
Project("{FAE04EC0-301F-11D3-BF4B-00C04F79EFBC}") = "Community.Saltoapis.Extended.Nebula.DigitalKey.V1", "src-extended\Community.Saltoapis.Extended.Nebula.DigitalKey.V1\Community.Saltoapis.Extended.Nebula.DigitalKey.V1.csproj", "{3838B54B-32A8-493C-A7CD-E98EFB02B84C}"
EndProject
Project("{FAE04EC0-301F-11D3-BF4B-00C04F79EFBC}") = "Community.Saltoapis.Extended.Nebula.ElectronicKey.V1", "src-extended\Community.Saltoapis.Extended.Nebula.ElectronicKey.V1\Community.Saltoapis.Extended.Nebula.ElectronicKey.V1.csproj", "{3E83A3FA-3E59-404F-84E4-458E6CE428E3}"
EndProject
Project("{FAE04EC0-301F-11D3-BF4B-00C04F79EFBC}") = "Community.Saltoapis.Extended.Nebula.ElectronicLock.V1", "src-extended\Community.Saltoapis.Extended.Nebula.ElectronicLock.V1\Community.Saltoapis.Extended.Nebula.ElectronicLock.V1.csproj", "{5D40ADE3-4225-451F-AE73-3AD660BE845F}"
EndProject
Project("{FAE04EC0-301F-11D3-BF4B-00C04F79EFBC}") = "Community.Saltoapis.Extended.Nebula.Encoder.V1", "src-extended\Community.Saltoapis.Extended.Nebula.Encoder.V1\Community.Saltoapis.Extended.Nebula.Encoder.V1.csproj", "{BA62DA09-C414-40B7-A968-3DA1D0DB3D9F}"
EndProject
Project("{FAE04EC0-301F-11D3-BF4B-00C04F79EFBC}") = "Community.Saltoapis.Extended.Nebula.Event.V1", "src-extended\Community.Saltoapis.Extended.Nebula.Event.V1\Community.Saltoapis.Extended.Nebula.Event.V1.csproj", "{E02D80B1-BCAF-48A1-926C-553FB443A24A}"
EndProject
Project("{FAE04EC0-301F-11D3-BF4B-00C04F79EFBC}") = "Community.Saltoapis.Extended.Nebula.Unit.V1", "src-extended\Community.Saltoapis.Extended.Nebula.Unit.V1\Community.Saltoapis.Extended.Nebula.Unit.V1.csproj", "{541B5B39-18B1-4502-BE34-FA7C243B0ADA}"
EndProject
Project("{FAE04EC0-301F-11D3-BF4B-00C04F79EFBC}") = "Community.Saltoapis.Extended.Nebula.User.V1", "src-extended\Community.Saltoapis.Extended.Nebula.User.V1\Community.Saltoapis.Extended.Nebula.User.V1.csproj", "{D83B4E46-C66B-4D20-A692-469D4228876F}"
EndProject
Project("{FAE04EC0-301F-11D3-BF4B-00C04F79EFBC}") = "Community.Saltoapis.Extended.Nebula.Extender.V1", "src-extended\Community.Saltoapis.Extended.Nebula.Extender.V1\Community.Saltoapis.Extended.Nebula.Extender.V1.csproj", "{7C512F42-6C2C-4D52-9F0B-60181E9C1DAA}"
EndProject
Project("{FAE04EC0-301F-11D3-BF4B-00C04F79EFBC}") = "Community.Saltoapis.Extended.Nebula.File.V1", "src-extended\Community.Saltoapis.Extended.Nebula.File.V1\Community.Saltoapis.Extended.Nebula.File.V1.csproj", "{360CBEA3-4060-4FCD-BA60-6B1AA0443C88}"
EndProject
Project("{FAE04EC0-301F-11D3-BF4B-00C04F79EFBC}") = "Community.Saltoapis.Extended.Nebula.Gateway.V1", "src-extended\Community.Saltoapis.Extended.Nebula.Gateway.V1\Community.Saltoapis.Extended.Nebula.Gateway.V1.csproj", "{134FAC72-630E-4D28-B36D-656382FD736A}"
EndProject
Project("{FAE04EC0-301F-11D3-BF4B-00C04F79EFBC}") = "Community.Saltoapis.Extended.Nebula.Iam.V1", "src-extended\Community.Saltoapis.Extended.Nebula.Iam.V1\Community.Saltoapis.Extended.Nebula.Iam.V1.csproj", "{0106B444-3C35-4338-AB44-367803369C7B}"
EndProject
Project("{FAE04EC0-301F-11D3-BF4B-00C04F79EFBC}") = "Community.Saltoapis.Extended.Nebula.Installation.V1", "src-extended\Community.Saltoapis.Extended.Nebula.Installation.V1\Community.Saltoapis.Extended.Nebula.Installation.V1.csproj", "{46987D2E-9D52-4CB2-9717-ED78AE55BE50}"
EndProject
Project("{FAE04EC0-301F-11D3-BF4B-00C04F79EFBC}") = "Community.Saltoapis.Extended.Nebula.IntercomAdaptor.V1", "src-extended\Community.Saltoapis.Extended.Nebula.IntercomAdaptor.V1\Community.Saltoapis.Extended.Nebula.IntercomAdaptor.V1.csproj", "{CC5301A7-FFB7-4436-AD80-D6DDDF40E070}"
EndProject
Project("{FAE04EC0-301F-11D3-BF4B-00C04F79EFBC}") = "Community.Saltoapis.Extended.Nebula.OpeningModeSchedule.V1", "src-extended\Community.Saltoapis.Extended.Nebula.OpeningModeSchedule.V1\Community.Saltoapis.Extended.Nebula.OpeningModeSchedule.V1.csproj", "{CCD30DEB-3EC2-435B-92CA-9CC13016B1BD}"
EndProject
Project("{2150E333-8FDC-42A3-9474-1A3956D46DE8}") = "src", "src", "{0862FAA6-6C79-4CFE-B837-486247EDB6CF}"
EndProject
Global
	GlobalSection(SolutionConfigurationPlatforms) = preSolution
		Debug|Any CPU = Debug|Any CPU
		Debug|x64 = Debug|x64
		Debug|x86 = Debug|x86
		Release|Any CPU = Release|Any CPU
		Release|x64 = Release|x64
		Release|x86 = Release|x86
	EndGlobalSection
	GlobalSection(ProjectConfigurationPlatforms) = postSolution
		{F2EAF69D-FF44-4316-BAEC-EF748E125C3A}.Debug|Any CPU.ActiveCfg = Debug|Any CPU
		{F2EAF69D-FF44-4316-BAEC-EF748E125C3A}.Debug|Any CPU.Build.0 = Debug|Any CPU
		{F2EAF69D-FF44-4316-BAEC-EF748E125C3A}.Debug|x64.ActiveCfg = Debug|Any CPU
		{F2EAF69D-FF44-4316-BAEC-EF748E125C3A}.Debug|x64.Build.0 = Debug|Any CPU
		{F2EAF69D-FF44-4316-BAEC-EF748E125C3A}.Debug|x86.ActiveCfg = Debug|Any CPU
		{F2EAF69D-FF44-4316-BAEC-EF748E125C3A}.Debug|x86.Build.0 = Debug|Any CPU
		{F2EAF69D-FF44-4316-BAEC-EF748E125C3A}.Release|Any CPU.ActiveCfg = Release|Any CPU
		{F2EAF69D-FF44-4316-BAEC-EF748E125C3A}.Release|Any CPU.Build.0 = Release|Any CPU
		{F2EAF69D-FF44-4316-BAEC-EF748E125C3A}.Release|x64.ActiveCfg = Release|Any CPU
		{F2EAF69D-FF44-4316-BAEC-EF748E125C3A}.Release|x64.Build.0 = Release|Any CPU
		{F2EAF69D-FF44-4316-BAEC-EF748E125C3A}.Release|x86.ActiveCfg = Release|Any CPU
		{F2EAF69D-FF44-4316-BAEC-EF748E125C3A}.Release|x86.Build.0 = Release|Any CPU
		{EF513E3B-13EB-49F2-B853-CABCCE342AD8}.Debug|Any CPU.ActiveCfg = Debug|Any CPU
		{EF513E3B-13EB-49F2-B853-CABCCE342AD8}.Debug|Any CPU.Build.0 = Debug|Any CPU
		{EF513E3B-13EB-49F2-B853-CABCCE342AD8}.Debug|x64.ActiveCfg = Debug|Any CPU
		{EF513E3B-13EB-49F2-B853-CABCCE342AD8}.Debug|x64.Build.0 = Debug|Any CPU
		{EF513E3B-13EB-49F2-B853-CABCCE342AD8}.Debug|x86.ActiveCfg = Debug|Any CPU
		{EF513E3B-13EB-49F2-B853-CABCCE342AD8}.Debug|x86.Build.0 = Debug|Any CPU
		{EF513E3B-13EB-49F2-B853-CABCCE342AD8}.Release|Any CPU.ActiveCfg = Release|Any CPU
		{EF513E3B-13EB-49F2-B853-CABCCE342AD8}.Release|Any CPU.Build.0 = Release|Any CPU
		{EF513E3B-13EB-49F2-B853-CABCCE342AD8}.Release|x64.ActiveCfg = Release|Any CPU
		{EF513E3B-13EB-49F2-B853-CABCCE342AD8}.Release|x64.Build.0 = Release|Any CPU
		{EF513E3B-13EB-49F2-B853-CABCCE342AD8}.Release|x86.ActiveCfg = Release|Any CPU
		{EF513E3B-13EB-49F2-B853-CABCCE342AD8}.Release|x86.Build.0 = Release|Any CPU
		{DEF862F0-B866-4C17-82D8-7578403A7284}.Debug|Any CPU.ActiveCfg = Debug|Any CPU
		{DEF862F0-B866-4C17-82D8-7578403A7284}.Debug|Any CPU.Build.0 = Debug|Any CPU
		{DEF862F0-B866-4C17-82D8-7578403A7284}.Debug|x64.ActiveCfg = Debug|Any CPU
		{DEF862F0-B866-4C17-82D8-7578403A7284}.Debug|x64.Build.0 = Debug|Any CPU
		{DEF862F0-B866-4C17-82D8-7578403A7284}.Debug|x86.ActiveCfg = Debug|Any CPU
		{DEF862F0-B866-4C17-82D8-7578403A7284}.Debug|x86.Build.0 = Debug|Any CPU
		{DEF862F0-B866-4C17-82D8-7578403A7284}.Release|Any CPU.ActiveCfg = Release|Any CPU
		{DEF862F0-B866-4C17-82D8-7578403A7284}.Release|Any CPU.Build.0 = Release|Any CPU
		{DEF862F0-B866-4C17-82D8-7578403A7284}.Release|x64.ActiveCfg = Release|Any CPU
		{DEF862F0-B866-4C17-82D8-7578403A7284}.Release|x64.Build.0 = Release|Any CPU
		{DEF862F0-B866-4C17-82D8-7578403A7284}.Release|x86.ActiveCfg = Release|Any CPU
		{DEF862F0-B866-4C17-82D8-7578403A7284}.Release|x86.Build.0 = Release|Any CPU
		{BF78F9F9-8638-4978-BB54-29C444C13DA9}.Debug|Any CPU.ActiveCfg = Debug|Any CPU
		{BF78F9F9-8638-4978-BB54-29C444C13DA9}.Debug|Any CPU.Build.0 = Debug|Any CPU
		{BF78F9F9-8638-4978-BB54-29C444C13DA9}.Debug|x64.ActiveCfg = Debug|Any CPU
		{BF78F9F9-8638-4978-BB54-29C444C13DA9}.Debug|x64.Build.0 = Debug|Any CPU
		{BF78F9F9-8638-4978-BB54-29C444C13DA9}.Debug|x86.ActiveCfg = Debug|Any CPU
		{BF78F9F9-8638-4978-BB54-29C444C13DA9}.Debug|x86.Build.0 = Debug|Any CPU
		{BF78F9F9-8638-4978-BB54-29C444C13DA9}.Release|Any CPU.ActiveCfg = Release|Any CPU
		{BF78F9F9-8638-4978-BB54-29C444C13DA9}.Release|Any CPU.Build.0 = Release|Any CPU
		{BF78F9F9-8638-4978-BB54-29C444C13DA9}.Release|x64.ActiveCfg = Release|Any CPU
		{BF78F9F9-8638-4978-BB54-29C444C13DA9}.Release|x64.Build.0 = Release|Any CPU
		{BF78F9F9-8638-4978-BB54-29C444C13DA9}.Release|x86.ActiveCfg = Release|Any CPU
		{BF78F9F9-8638-4978-BB54-29C444C13DA9}.Release|x86.Build.0 = Release|Any CPU
		{3D79F0FC-6A56-45F2-A3B9-80BC49FDCF07}.Debug|Any CPU.ActiveCfg = Debug|Any CPU
		{3D79F0FC-6A56-45F2-A3B9-80BC49FDCF07}.Debug|Any CPU.Build.0 = Debug|Any CPU
		{3D79F0FC-6A56-45F2-A3B9-80BC49FDCF07}.Debug|x64.ActiveCfg = Debug|Any CPU
		{3D79F0FC-6A56-45F2-A3B9-80BC49FDCF07}.Debug|x64.Build.0 = Debug|Any CPU
		{3D79F0FC-6A56-45F2-A3B9-80BC49FDCF07}.Debug|x86.ActiveCfg = Debug|Any CPU
		{3D79F0FC-6A56-45F2-A3B9-80BC49FDCF07}.Debug|x86.Build.0 = Debug|Any CPU
		{3D79F0FC-6A56-45F2-A3B9-80BC49FDCF07}.Release|Any CPU.ActiveCfg = Release|Any CPU
		{3D79F0FC-6A56-45F2-A3B9-80BC49FDCF07}.Release|Any CPU.Build.0 = Release|Any CPU
		{3D79F0FC-6A56-45F2-A3B9-80BC49FDCF07}.Release|x64.ActiveCfg = Release|Any CPU
		{3D79F0FC-6A56-45F2-A3B9-80BC49FDCF07}.Release|x64.Build.0 = Release|Any CPU
		{3D79F0FC-6A56-45F2-A3B9-80BC49FDCF07}.Release|x86.ActiveCfg = Release|Any CPU
		{3D79F0FC-6A56-45F2-A3B9-80BC49FDCF07}.Release|x86.Build.0 = Release|Any CPU
		{A582931B-3110-4154-9D5D-33325BC303EC}.Debug|Any CPU.ActiveCfg = Debug|Any CPU
		{A582931B-3110-4154-9D5D-33325BC303EC}.Debug|Any CPU.Build.0 = Debug|Any CPU
		{A582931B-3110-4154-9D5D-33325BC303EC}.Debug|x64.ActiveCfg = Debug|Any CPU
		{A582931B-3110-4154-9D5D-33325BC303EC}.Debug|x64.Build.0 = Debug|Any CPU
		{A582931B-3110-4154-9D5D-33325BC303EC}.Debug|x86.ActiveCfg = Debug|Any CPU
		{A582931B-3110-4154-9D5D-33325BC303EC}.Debug|x86.Build.0 = Debug|Any CPU
		{A582931B-3110-4154-9D5D-33325BC303EC}.Release|Any CPU.ActiveCfg = Release|Any CPU
		{A582931B-3110-4154-9D5D-33325BC303EC}.Release|Any CPU.Build.0 = Release|Any CPU
		{A582931B-3110-4154-9D5D-33325BC303EC}.Release|x64.ActiveCfg = Release|Any CPU
		{A582931B-3110-4154-9D5D-33325BC303EC}.Release|x64.Build.0 = Release|Any CPU
		{A582931B-3110-4154-9D5D-33325BC303EC}.Release|x86.ActiveCfg = Release|Any CPU
		{A582931B-3110-4154-9D5D-33325BC303EC}.Release|x86.Build.0 = Release|Any CPU
		{F3EC8D05-266F-49F2-BB36-774E70321B55}.Debug|Any CPU.ActiveCfg = Debug|Any CPU
		{F3EC8D05-266F-49F2-BB36-774E70321B55}.Debug|Any CPU.Build.0 = Debug|Any CPU
		{F3EC8D05-266F-49F2-BB36-774E70321B55}.Debug|x64.ActiveCfg = Debug|Any CPU
		{F3EC8D05-266F-49F2-BB36-774E70321B55}.Debug|x64.Build.0 = Debug|Any CPU
		{F3EC8D05-266F-49F2-BB36-774E70321B55}.Debug|x86.ActiveCfg = Debug|Any CPU
		{F3EC8D05-266F-49F2-BB36-774E70321B55}.Debug|x86.Build.0 = Debug|Any CPU
		{F3EC8D05-266F-49F2-BB36-774E70321B55}.Release|Any CPU.ActiveCfg = Release|Any CPU
		{F3EC8D05-266F-49F2-BB36-774E70321B55}.Release|Any CPU.Build.0 = Release|Any CPU
		{F3EC8D05-266F-49F2-BB36-774E70321B55}.Release|x64.ActiveCfg = Release|Any CPU
		{F3EC8D05-266F-49F2-BB36-774E70321B55}.Release|x64.Build.0 = Release|Any CPU
		{F3EC8D05-266F-49F2-BB36-774E70321B55}.Release|x86.ActiveCfg = Release|Any CPU
		{F3EC8D05-266F-49F2-BB36-774E70321B55}.Release|x86.Build.0 = Release|Any CPU
		{0B8DF50B-F833-4829-9BFF-AD684890A6DE}.Debug|Any CPU.ActiveCfg = Debug|Any CPU
		{0B8DF50B-F833-4829-9BFF-AD684890A6DE}.Debug|Any CPU.Build.0 = Debug|Any CPU
		{0B8DF50B-F833-4829-9BFF-AD684890A6DE}.Debug|x64.ActiveCfg = Debug|Any CPU
		{0B8DF50B-F833-4829-9BFF-AD684890A6DE}.Debug|x64.Build.0 = Debug|Any CPU
		{0B8DF50B-F833-4829-9BFF-AD684890A6DE}.Debug|x86.ActiveCfg = Debug|Any CPU
		{0B8DF50B-F833-4829-9BFF-AD684890A6DE}.Debug|x86.Build.0 = Debug|Any CPU
		{0B8DF50B-F833-4829-9BFF-AD684890A6DE}.Release|Any CPU.ActiveCfg = Release|Any CPU
		{0B8DF50B-F833-4829-9BFF-AD684890A6DE}.Release|Any CPU.Build.0 = Release|Any CPU
		{0B8DF50B-F833-4829-9BFF-AD684890A6DE}.Release|x64.ActiveCfg = Release|Any CPU
		{0B8DF50B-F833-4829-9BFF-AD684890A6DE}.Release|x64.Build.0 = Release|Any CPU
		{0B8DF50B-F833-4829-9BFF-AD684890A6DE}.Release|x86.ActiveCfg = Release|Any CPU
		{0B8DF50B-F833-4829-9BFF-AD684890A6DE}.Release|x86.Build.0 = Release|Any CPU
		{8ED5180E-D314-4207-B201-E4BA31FB7A03}.Debug|Any CPU.ActiveCfg = Debug|Any CPU
		{8ED5180E-D314-4207-B201-E4BA31FB7A03}.Debug|Any CPU.Build.0 = Debug|Any CPU
		{8ED5180E-D314-4207-B201-E4BA31FB7A03}.Debug|x64.ActiveCfg = Debug|Any CPU
		{8ED5180E-D314-4207-B201-E4BA31FB7A03}.Debug|x64.Build.0 = Debug|Any CPU
		{8ED5180E-D314-4207-B201-E4BA31FB7A03}.Debug|x86.ActiveCfg = Debug|Any CPU
		{8ED5180E-D314-4207-B201-E4BA31FB7A03}.Debug|x86.Build.0 = Debug|Any CPU
		{8ED5180E-D314-4207-B201-E4BA31FB7A03}.Release|Any CPU.ActiveCfg = Release|Any CPU
		{8ED5180E-D314-4207-B201-E4BA31FB7A03}.Release|Any CPU.Build.0 = Release|Any CPU
		{8ED5180E-D314-4207-B201-E4BA31FB7A03}.Release|x64.ActiveCfg = Release|Any CPU
		{8ED5180E-D314-4207-B201-E4BA31FB7A03}.Release|x64.Build.0 = Release|Any CPU
		{8ED5180E-D314-4207-B201-E4BA31FB7A03}.Release|x86.ActiveCfg = Release|Any CPU
		{8ED5180E-D314-4207-B201-E4BA31FB7A03}.Release|x86.Build.0 = Release|Any CPU
		{25FC2BFC-4C7B-45C4-A76A-2CEC23DE5017}.Debug|Any CPU.ActiveCfg = Debug|Any CPU
		{25FC2BFC-4C7B-45C4-A76A-2CEC23DE5017}.Debug|Any CPU.Build.0 = Debug|Any CPU
		{25FC2BFC-4C7B-45C4-A76A-2CEC23DE5017}.Debug|x64.ActiveCfg = Debug|Any CPU
		{25FC2BFC-4C7B-45C4-A76A-2CEC23DE5017}.Debug|x64.Build.0 = Debug|Any CPU
		{25FC2BFC-4C7B-45C4-A76A-2CEC23DE5017}.Debug|x86.ActiveCfg = Debug|Any CPU
		{25FC2BFC-4C7B-45C4-A76A-2CEC23DE5017}.Debug|x86.Build.0 = Debug|Any CPU
		{25FC2BFC-4C7B-45C4-A76A-2CEC23DE5017}.Release|Any CPU.ActiveCfg = Release|Any CPU
		{25FC2BFC-4C7B-45C4-A76A-2CEC23DE5017}.Release|Any CPU.Build.0 = Release|Any CPU
		{25FC2BFC-4C7B-45C4-A76A-2CEC23DE5017}.Release|x64.ActiveCfg = Release|Any CPU
		{25FC2BFC-4C7B-45C4-A76A-2CEC23DE5017}.Release|x64.Build.0 = Release|Any CPU
		{25FC2BFC-4C7B-45C4-A76A-2CEC23DE5017}.Release|x86.ActiveCfg = Release|Any CPU
		{25FC2BFC-4C7B-45C4-A76A-2CEC23DE5017}.Release|x86.Build.0 = Release|Any CPU
		{55837F3D-C138-4B2A-9C10-A8736ED71F6A}.Debug|Any CPU.ActiveCfg = Debug|Any CPU
		{55837F3D-C138-4B2A-9C10-A8736ED71F6A}.Debug|Any CPU.Build.0 = Debug|Any CPU
		{55837F3D-C138-4B2A-9C10-A8736ED71F6A}.Debug|x64.ActiveCfg = Debug|Any CPU
		{55837F3D-C138-4B2A-9C10-A8736ED71F6A}.Debug|x64.Build.0 = Debug|Any CPU
		{55837F3D-C138-4B2A-9C10-A8736ED71F6A}.Debug|x86.ActiveCfg = Debug|Any CPU
		{55837F3D-C138-4B2A-9C10-A8736ED71F6A}.Debug|x86.Build.0 = Debug|Any CPU
		{55837F3D-C138-4B2A-9C10-A8736ED71F6A}.Release|Any CPU.ActiveCfg = Release|Any CPU
		{55837F3D-C138-4B2A-9C10-A8736ED71F6A}.Release|Any CPU.Build.0 = Release|Any CPU
		{55837F3D-C138-4B2A-9C10-A8736ED71F6A}.Release|x64.ActiveCfg = Release|Any CPU
		{55837F3D-C138-4B2A-9C10-A8736ED71F6A}.Release|x64.Build.0 = Release|Any CPU
		{55837F3D-C138-4B2A-9C10-A8736ED71F6A}.Release|x86.ActiveCfg = Release|Any CPU
		{55837F3D-C138-4B2A-9C10-A8736ED71F6A}.Release|x86.Build.0 = Release|Any CPU
		{0036E483-9719-4E4F-A015-9665AE04C314}.Debug|Any CPU.ActiveCfg = Debug|Any CPU
		{0036E483-9719-4E4F-A015-9665AE04C314}.Debug|Any CPU.Build.0 = Debug|Any CPU
		{0036E483-9719-4E4F-A015-9665AE04C314}.Debug|x64.ActiveCfg = Debug|Any CPU
		{0036E483-9719-4E4F-A015-9665AE04C314}.Debug|x64.Build.0 = Debug|Any CPU
		{0036E483-9719-4E4F-A015-9665AE04C314}.Debug|x86.ActiveCfg = Debug|Any CPU
		{0036E483-9719-4E4F-A015-9665AE04C314}.Debug|x86.Build.0 = Debug|Any CPU
		{0036E483-9719-4E4F-A015-9665AE04C314}.Release|Any CPU.ActiveCfg = Release|Any CPU
		{0036E483-9719-4E4F-A015-9665AE04C314}.Release|Any CPU.Build.0 = Release|Any CPU
		{0036E483-9719-4E4F-A015-9665AE04C314}.Release|x64.ActiveCfg = Release|Any CPU
		{0036E483-9719-4E4F-A015-9665AE04C314}.Release|x64.Build.0 = Release|Any CPU
		{0036E483-9719-4E4F-A015-9665AE04C314}.Release|x86.ActiveCfg = Release|Any CPU
		{0036E483-9719-4E4F-A015-9665AE04C314}.Release|x86.Build.0 = Release|Any CPU
		{12610DD9-A382-480B-89CF-AACD84110331}.Debug|Any CPU.ActiveCfg = Debug|Any CPU
		{12610DD9-A382-480B-89CF-AACD84110331}.Debug|Any CPU.Build.0 = Debug|Any CPU
		{12610DD9-A382-480B-89CF-AACD84110331}.Debug|x64.ActiveCfg = Debug|Any CPU
		{12610DD9-A382-480B-89CF-AACD84110331}.Debug|x64.Build.0 = Debug|Any CPU
		{12610DD9-A382-480B-89CF-AACD84110331}.Debug|x86.ActiveCfg = Debug|Any CPU
		{12610DD9-A382-480B-89CF-AACD84110331}.Debug|x86.Build.0 = Debug|Any CPU
		{12610DD9-A382-480B-89CF-AACD84110331}.Release|Any CPU.ActiveCfg = Release|Any CPU
		{12610DD9-A382-480B-89CF-AACD84110331}.Release|Any CPU.Build.0 = Release|Any CPU
		{12610DD9-A382-480B-89CF-AACD84110331}.Release|x64.ActiveCfg = Release|Any CPU
		{12610DD9-A382-480B-89CF-AACD84110331}.Release|x64.Build.0 = Release|Any CPU
		{12610DD9-A382-480B-89CF-AACD84110331}.Release|x86.ActiveCfg = Release|Any CPU
		{12610DD9-A382-480B-89CF-AACD84110331}.Release|x86.Build.0 = Release|Any CPU
		{042C64F7-EA93-4B3E-B936-D9EC1C718C69}.Debug|Any CPU.ActiveCfg = Debug|Any CPU
		{042C64F7-EA93-4B3E-B936-D9EC1C718C69}.Debug|Any CPU.Build.0 = Debug|Any CPU
		{042C64F7-EA93-4B3E-B936-D9EC1C718C69}.Debug|x64.ActiveCfg = Debug|Any CPU
		{042C64F7-EA93-4B3E-B936-D9EC1C718C69}.Debug|x64.Build.0 = Debug|Any CPU
		{042C64F7-EA93-4B3E-B936-D9EC1C718C69}.Debug|x86.ActiveCfg = Debug|Any CPU
		{042C64F7-EA93-4B3E-B936-D9EC1C718C69}.Debug|x86.Build.0 = Debug|Any CPU
		{042C64F7-EA93-4B3E-B936-D9EC1C718C69}.Release|Any CPU.ActiveCfg = Release|Any CPU
		{042C64F7-EA93-4B3E-B936-D9EC1C718C69}.Release|Any CPU.Build.0 = Release|Any CPU
		{042C64F7-EA93-4B3E-B936-D9EC1C718C69}.Release|x64.ActiveCfg = Release|Any CPU
		{042C64F7-EA93-4B3E-B936-D9EC1C718C69}.Release|x64.Build.0 = Release|Any CPU
		{042C64F7-EA93-4B3E-B936-D9EC1C718C69}.Release|x86.ActiveCfg = Release|Any CPU
		{042C64F7-EA93-4B3E-B936-D9EC1C718C69}.Release|x86.Build.0 = Release|Any CPU
		{C5D8AFBD-1A77-40E4-A9B6-9AB2B2EA9DB4}.Debug|Any CPU.ActiveCfg = Debug|Any CPU
		{C5D8AFBD-1A77-40E4-A9B6-9AB2B2EA9DB4}.Debug|Any CPU.Build.0 = Debug|Any CPU
		{C5D8AFBD-1A77-40E4-A9B6-9AB2B2EA9DB4}.Debug|x64.ActiveCfg = Debug|Any CPU
		{C5D8AFBD-1A77-40E4-A9B6-9AB2B2EA9DB4}.Debug|x64.Build.0 = Debug|Any CPU
		{C5D8AFBD-1A77-40E4-A9B6-9AB2B2EA9DB4}.Debug|x86.ActiveCfg = Debug|Any CPU
		{C5D8AFBD-1A77-40E4-A9B6-9AB2B2EA9DB4}.Debug|x86.Build.0 = Debug|Any CPU
		{C5D8AFBD-1A77-40E4-A9B6-9AB2B2EA9DB4}.Release|Any CPU.ActiveCfg = Release|Any CPU
		{C5D8AFBD-1A77-40E4-A9B6-9AB2B2EA9DB4}.Release|Any CPU.Build.0 = Release|Any CPU
		{C5D8AFBD-1A77-40E4-A9B6-9AB2B2EA9DB4}.Release|x64.ActiveCfg = Release|Any CPU
		{C5D8AFBD-1A77-40E4-A9B6-9AB2B2EA9DB4}.Release|x64.Build.0 = Release|Any CPU
		{C5D8AFBD-1A77-40E4-A9B6-9AB2B2EA9DB4}.Release|x86.ActiveCfg = Release|Any CPU
		{C5D8AFBD-1A77-40E4-A9B6-9AB2B2EA9DB4}.Release|x86.Build.0 = Release|Any CPU
		{4B5D0A16-7660-4BF7-B648-742AF4B82841}.Debug|Any CPU.ActiveCfg = Debug|Any CPU
		{4B5D0A16-7660-4BF7-B648-742AF4B82841}.Debug|Any CPU.Build.0 = Debug|Any CPU
		{4B5D0A16-7660-4BF7-B648-742AF4B82841}.Debug|x64.ActiveCfg = Debug|Any CPU
		{4B5D0A16-7660-4BF7-B648-742AF4B82841}.Debug|x64.Build.0 = Debug|Any CPU
		{4B5D0A16-7660-4BF7-B648-742AF4B82841}.Debug|x86.ActiveCfg = Debug|Any CPU
		{4B5D0A16-7660-4BF7-B648-742AF4B82841}.Debug|x86.Build.0 = Debug|Any CPU
		{4B5D0A16-7660-4BF7-B648-742AF4B82841}.Release|Any CPU.ActiveCfg = Release|Any CPU
		{4B5D0A16-7660-4BF7-B648-742AF4B82841}.Release|Any CPU.Build.0 = Release|Any CPU
		{4B5D0A16-7660-4BF7-B648-742AF4B82841}.Release|x64.ActiveCfg = Release|Any CPU
		{4B5D0A16-7660-4BF7-B648-742AF4B82841}.Release|x64.Build.0 = Release|Any CPU
		{4B5D0A16-7660-4BF7-B648-742AF4B82841}.Release|x86.ActiveCfg = Release|Any CPU
		{4B5D0A16-7660-4BF7-B648-742AF4B82841}.Release|x86.Build.0 = Release|Any CPU
		{3F8E61B6-10C7-4D0E-9358-0E2FE9FD218C}.Debug|Any CPU.ActiveCfg = Debug|Any CPU
		{3F8E61B6-10C7-4D0E-9358-0E2FE9FD218C}.Debug|Any CPU.Build.0 = Debug|Any CPU
		{3F8E61B6-10C7-4D0E-9358-0E2FE9FD218C}.Debug|x64.ActiveCfg = Debug|Any CPU
		{3F8E61B6-10C7-4D0E-9358-0E2FE9FD218C}.Debug|x64.Build.0 = Debug|Any CPU
		{3F8E61B6-10C7-4D0E-9358-0E2FE9FD218C}.Debug|x86.ActiveCfg = Debug|Any CPU
		{3F8E61B6-10C7-4D0E-9358-0E2FE9FD218C}.Debug|x86.Build.0 = Debug|Any CPU
		{3F8E61B6-10C7-4D0E-9358-0E2FE9FD218C}.Release|Any CPU.ActiveCfg = Release|Any CPU
		{3F8E61B6-10C7-4D0E-9358-0E2FE9FD218C}.Release|Any CPU.Build.0 = Release|Any CPU
		{3F8E61B6-10C7-4D0E-9358-0E2FE9FD218C}.Release|x64.ActiveCfg = Release|Any CPU
		{3F8E61B6-10C7-4D0E-9358-0E2FE9FD218C}.Release|x64.Build.0 = Release|Any CPU
		{3F8E61B6-10C7-4D0E-9358-0E2FE9FD218C}.Release|x86.ActiveCfg = Release|Any CPU
		{3F8E61B6-10C7-4D0E-9358-0E2FE9FD218C}.Release|x86.Build.0 = Release|Any CPU
		{7E114F31-B36D-4770-9507-2E6060256169}.Debug|Any CPU.ActiveCfg = Debug|Any CPU
		{7E114F31-B36D-4770-9507-2E6060256169}.Debug|Any CPU.Build.0 = Debug|Any CPU
		{7E114F31-B36D-4770-9507-2E6060256169}.Debug|x64.ActiveCfg = Debug|Any CPU
		{7E114F31-B36D-4770-9507-2E6060256169}.Debug|x64.Build.0 = Debug|Any CPU
		{7E114F31-B36D-4770-9507-2E6060256169}.Debug|x86.ActiveCfg = Debug|Any CPU
		{7E114F31-B36D-4770-9507-2E6060256169}.Debug|x86.Build.0 = Debug|Any CPU
		{7E114F31-B36D-4770-9507-2E6060256169}.Release|Any CPU.ActiveCfg = Release|Any CPU
		{7E114F31-B36D-4770-9507-2E6060256169}.Release|Any CPU.Build.0 = Release|Any CPU
		{7E114F31-B36D-4770-9507-2E6060256169}.Release|x64.ActiveCfg = Release|Any CPU
		{7E114F31-B36D-4770-9507-2E6060256169}.Release|x64.Build.0 = Release|Any CPU
		{7E114F31-B36D-4770-9507-2E6060256169}.Release|x86.ActiveCfg = Release|Any CPU
		{7E114F31-B36D-4770-9507-2E6060256169}.Release|x86.Build.0 = Release|Any CPU
		{8EE6B211-2527-4E4E-BC21-E4D448AF4F5C}.Debug|Any CPU.ActiveCfg = Debug|Any CPU
		{8EE6B211-2527-4E4E-BC21-E4D448AF4F5C}.Debug|Any CPU.Build.0 = Debug|Any CPU
		{8EE6B211-2527-4E4E-BC21-E4D448AF4F5C}.Debug|x64.ActiveCfg = Debug|Any CPU
		{8EE6B211-2527-4E4E-BC21-E4D448AF4F5C}.Debug|x64.Build.0 = Debug|Any CPU
		{8EE6B211-2527-4E4E-BC21-E4D448AF4F5C}.Debug|x86.ActiveCfg = Debug|Any CPU
		{8EE6B211-2527-4E4E-BC21-E4D448AF4F5C}.Debug|x86.Build.0 = Debug|Any CPU
		{8EE6B211-2527-4E4E-BC21-E4D448AF4F5C}.Release|Any CPU.ActiveCfg = Release|Any CPU
		{8EE6B211-2527-4E4E-BC21-E4D448AF4F5C}.Release|Any CPU.Build.0 = Release|Any CPU
		{8EE6B211-2527-4E4E-BC21-E4D448AF4F5C}.Release|x64.ActiveCfg = Release|Any CPU
		{8EE6B211-2527-4E4E-BC21-E4D448AF4F5C}.Release|x64.Build.0 = Release|Any CPU
		{8EE6B211-2527-4E4E-BC21-E4D448AF4F5C}.Release|x86.ActiveCfg = Release|Any CPU
		{8EE6B211-2527-4E4E-BC21-E4D448AF4F5C}.Release|x86.Build.0 = Release|Any CPU
		{CE500B38-9EF7-441B-8219-6A7D59FD6914}.Debug|Any CPU.ActiveCfg = Debug|Any CPU
		{CE500B38-9EF7-441B-8219-6A7D59FD6914}.Debug|Any CPU.Build.0 = Debug|Any CPU
		{CE500B38-9EF7-441B-8219-6A7D59FD6914}.Debug|x64.ActiveCfg = Debug|Any CPU
		{CE500B38-9EF7-441B-8219-6A7D59FD6914}.Debug|x64.Build.0 = Debug|Any CPU
		{CE500B38-9EF7-441B-8219-6A7D59FD6914}.Debug|x86.ActiveCfg = Debug|Any CPU
		{CE500B38-9EF7-441B-8219-6A7D59FD6914}.Debug|x86.Build.0 = Debug|Any CPU
		{CE500B38-9EF7-441B-8219-6A7D59FD6914}.Release|Any CPU.ActiveCfg = Release|Any CPU
		{CE500B38-9EF7-441B-8219-6A7D59FD6914}.Release|Any CPU.Build.0 = Release|Any CPU
		{CE500B38-9EF7-441B-8219-6A7D59FD6914}.Release|x64.ActiveCfg = Release|Any CPU
		{CE500B38-9EF7-441B-8219-6A7D59FD6914}.Release|x64.Build.0 = Release|Any CPU
		{CE500B38-9EF7-441B-8219-6A7D59FD6914}.Release|x86.ActiveCfg = Release|Any CPU
		{CE500B38-9EF7-441B-8219-6A7D59FD6914}.Release|x86.Build.0 = Release|Any CPU
		{4D8557F8-22F2-4CD5-8152-8BE13E0A533F}.Debug|Any CPU.ActiveCfg = Debug|Any CPU
		{4D8557F8-22F2-4CD5-8152-8BE13E0A533F}.Debug|Any CPU.Build.0 = Debug|Any CPU
		{4D8557F8-22F2-4CD5-8152-8BE13E0A533F}.Debug|x64.ActiveCfg = Debug|Any CPU
		{4D8557F8-22F2-4CD5-8152-8BE13E0A533F}.Debug|x64.Build.0 = Debug|Any CPU
		{4D8557F8-22F2-4CD5-8152-8BE13E0A533F}.Debug|x86.ActiveCfg = Debug|Any CPU
		{4D8557F8-22F2-4CD5-8152-8BE13E0A533F}.Debug|x86.Build.0 = Debug|Any CPU
		{4D8557F8-22F2-4CD5-8152-8BE13E0A533F}.Release|Any CPU.ActiveCfg = Release|Any CPU
		{4D8557F8-22F2-4CD5-8152-8BE13E0A533F}.Release|Any CPU.Build.0 = Release|Any CPU
		{4D8557F8-22F2-4CD5-8152-8BE13E0A533F}.Release|x64.ActiveCfg = Release|Any CPU
		{4D8557F8-22F2-4CD5-8152-8BE13E0A533F}.Release|x64.Build.0 = Release|Any CPU
		{4D8557F8-22F2-4CD5-8152-8BE13E0A533F}.Release|x86.ActiveCfg = Release|Any CPU
		{4D8557F8-22F2-4CD5-8152-8BE13E0A533F}.Release|x86.Build.0 = Release|Any CPU
		{E2D264C7-7C09-4216-892A-7A236327BCD2}.Debug|Any CPU.ActiveCfg = Debug|Any CPU
		{E2D264C7-7C09-4216-892A-7A236327BCD2}.Debug|Any CPU.Build.0 = Debug|Any CPU
		{E2D264C7-7C09-4216-892A-7A236327BCD2}.Debug|x64.ActiveCfg = Debug|Any CPU
		{E2D264C7-7C09-4216-892A-7A236327BCD2}.Debug|x64.Build.0 = Debug|Any CPU
		{E2D264C7-7C09-4216-892A-7A236327BCD2}.Debug|x86.ActiveCfg = Debug|Any CPU
		{E2D264C7-7C09-4216-892A-7A236327BCD2}.Debug|x86.Build.0 = Debug|Any CPU
		{E2D264C7-7C09-4216-892A-7A236327BCD2}.Release|Any CPU.ActiveCfg = Release|Any CPU
		{E2D264C7-7C09-4216-892A-7A236327BCD2}.Release|Any CPU.Build.0 = Release|Any CPU
		{E2D264C7-7C09-4216-892A-7A236327BCD2}.Release|x64.ActiveCfg = Release|Any CPU
		{E2D264C7-7C09-4216-892A-7A236327BCD2}.Release|x64.Build.0 = Release|Any CPU
		{E2D264C7-7C09-4216-892A-7A236327BCD2}.Release|x86.ActiveCfg = Release|Any CPU
		{E2D264C7-7C09-4216-892A-7A236327BCD2}.Release|x86.Build.0 = Release|Any CPU
		{BB52C767-E22F-464D-A788-0EF081BC08F8}.Debug|Any CPU.ActiveCfg = Debug|Any CPU
		{BB52C767-E22F-464D-A788-0EF081BC08F8}.Debug|Any CPU.Build.0 = Debug|Any CPU
		{BB52C767-E22F-464D-A788-0EF081BC08F8}.Debug|x64.ActiveCfg = Debug|Any CPU
		{BB52C767-E22F-464D-A788-0EF081BC08F8}.Debug|x64.Build.0 = Debug|Any CPU
		{BB52C767-E22F-464D-A788-0EF081BC08F8}.Debug|x86.ActiveCfg = Debug|Any CPU
		{BB52C767-E22F-464D-A788-0EF081BC08F8}.Debug|x86.Build.0 = Debug|Any CPU
		{BB52C767-E22F-464D-A788-0EF081BC08F8}.Release|Any CPU.ActiveCfg = Release|Any CPU
		{BB52C767-E22F-464D-A788-0EF081BC08F8}.Release|Any CPU.Build.0 = Release|Any CPU
		{BB52C767-E22F-464D-A788-0EF081BC08F8}.Release|x64.ActiveCfg = Release|Any CPU
		{BB52C767-E22F-464D-A788-0EF081BC08F8}.Release|x64.Build.0 = Release|Any CPU
		{BB52C767-E22F-464D-A788-0EF081BC08F8}.Release|x86.ActiveCfg = Release|Any CPU
		{BB52C767-E22F-464D-A788-0EF081BC08F8}.Release|x86.Build.0 = Release|Any CPU
		{E7DB86A3-951F-43DD-99D1-CB33CC151E71}.Debug|Any CPU.ActiveCfg = Debug|Any CPU
		{E7DB86A3-951F-43DD-99D1-CB33CC151E71}.Debug|Any CPU.Build.0 = Debug|Any CPU
		{E7DB86A3-951F-43DD-99D1-CB33CC151E71}.Debug|x64.ActiveCfg = Debug|Any CPU
		{E7DB86A3-951F-43DD-99D1-CB33CC151E71}.Debug|x64.Build.0 = Debug|Any CPU
		{E7DB86A3-951F-43DD-99D1-CB33CC151E71}.Debug|x86.ActiveCfg = Debug|Any CPU
		{E7DB86A3-951F-43DD-99D1-CB33CC151E71}.Debug|x86.Build.0 = Debug|Any CPU
		{E7DB86A3-951F-43DD-99D1-CB33CC151E71}.Release|Any CPU.ActiveCfg = Release|Any CPU
		{E7DB86A3-951F-43DD-99D1-CB33CC151E71}.Release|Any CPU.Build.0 = Release|Any CPU
		{E7DB86A3-951F-43DD-99D1-CB33CC151E71}.Release|x64.ActiveCfg = Release|Any CPU
		{E7DB86A3-951F-43DD-99D1-CB33CC151E71}.Release|x64.Build.0 = Release|Any CPU
		{E7DB86A3-951F-43DD-99D1-CB33CC151E71}.Release|x86.ActiveCfg = Release|Any CPU
		{E7DB86A3-951F-43DD-99D1-CB33CC151E71}.Release|x86.Build.0 = Release|Any CPU
		{B81801A5-94B4-428B-9C4D-E846CA4F2A91}.Debug|Any CPU.ActiveCfg = Debug|Any CPU
		{B81801A5-94B4-428B-9C4D-E846CA4F2A91}.Debug|Any CPU.Build.0 = Debug|Any CPU
		{B81801A5-94B4-428B-9C4D-E846CA4F2A91}.Debug|x64.ActiveCfg = Debug|Any CPU
		{B81801A5-94B4-428B-9C4D-E846CA4F2A91}.Debug|x64.Build.0 = Debug|Any CPU
		{B81801A5-94B4-428B-9C4D-E846CA4F2A91}.Debug|x86.ActiveCfg = Debug|Any CPU
		{B81801A5-94B4-428B-9C4D-E846CA4F2A91}.Debug|x86.Build.0 = Debug|Any CPU
		{B81801A5-94B4-428B-9C4D-E846CA4F2A91}.Release|Any CPU.ActiveCfg = Release|Any CPU
		{B81801A5-94B4-428B-9C4D-E846CA4F2A91}.Release|Any CPU.Build.0 = Release|Any CPU
		{B81801A5-94B4-428B-9C4D-E846CA4F2A91}.Release|x64.ActiveCfg = Release|Any CPU
		{B81801A5-94B4-428B-9C4D-E846CA4F2A91}.Release|x64.Build.0 = Release|Any CPU
		{B81801A5-94B4-428B-9C4D-E846CA4F2A91}.Release|x86.ActiveCfg = Release|Any CPU
		{B81801A5-94B4-428B-9C4D-E846CA4F2A91}.Release|x86.Build.0 = Release|Any CPU
		{71BE035E-124B-4F6E-B22A-6BB2112B7FD2}.Debug|Any CPU.ActiveCfg = Debug|Any CPU
		{71BE035E-124B-4F6E-B22A-6BB2112B7FD2}.Debug|Any CPU.Build.0 = Debug|Any CPU
		{71BE035E-124B-4F6E-B22A-6BB2112B7FD2}.Debug|x64.ActiveCfg = Debug|Any CPU
		{71BE035E-124B-4F6E-B22A-6BB2112B7FD2}.Debug|x64.Build.0 = Debug|Any CPU
		{71BE035E-124B-4F6E-B22A-6BB2112B7FD2}.Debug|x86.ActiveCfg = Debug|Any CPU
		{71BE035E-124B-4F6E-B22A-6BB2112B7FD2}.Debug|x86.Build.0 = Debug|Any CPU
		{71BE035E-124B-4F6E-B22A-6BB2112B7FD2}.Release|Any CPU.ActiveCfg = Release|Any CPU
		{71BE035E-124B-4F6E-B22A-6BB2112B7FD2}.Release|Any CPU.Build.0 = Release|Any CPU
		{71BE035E-124B-4F6E-B22A-6BB2112B7FD2}.Release|x64.ActiveCfg = Release|Any CPU
		{71BE035E-124B-4F6E-B22A-6BB2112B7FD2}.Release|x64.Build.0 = Release|Any CPU
		{71BE035E-124B-4F6E-B22A-6BB2112B7FD2}.Release|x86.ActiveCfg = Release|Any CPU
		{71BE035E-124B-4F6E-B22A-6BB2112B7FD2}.Release|x86.Build.0 = Release|Any CPU
		{468C95E5-C212-4618-A7AC-C465BCBC7613}.Debug|Any CPU.ActiveCfg = Debug|Any CPU
		{468C95E5-C212-4618-A7AC-C465BCBC7613}.Debug|Any CPU.Build.0 = Debug|Any CPU
		{468C95E5-C212-4618-A7AC-C465BCBC7613}.Debug|x64.ActiveCfg = Debug|Any CPU
		{468C95E5-C212-4618-A7AC-C465BCBC7613}.Debug|x64.Build.0 = Debug|Any CPU
		{468C95E5-C212-4618-A7AC-C465BCBC7613}.Debug|x86.ActiveCfg = Debug|Any CPU
		{468C95E5-C212-4618-A7AC-C465BCBC7613}.Debug|x86.Build.0 = Debug|Any CPU
		{468C95E5-C212-4618-A7AC-C465BCBC7613}.Release|Any CPU.ActiveCfg = Release|Any CPU
		{468C95E5-C212-4618-A7AC-C465BCBC7613}.Release|Any CPU.Build.0 = Release|Any CPU
		{468C95E5-C212-4618-A7AC-C465BCBC7613}.Release|x64.ActiveCfg = Release|Any CPU
		{468C95E5-C212-4618-A7AC-C465BCBC7613}.Release|x64.Build.0 = Release|Any CPU
		{468C95E5-C212-4618-A7AC-C465BCBC7613}.Release|x86.ActiveCfg = Release|Any CPU
		{468C95E5-C212-4618-A7AC-C465BCBC7613}.Release|x86.Build.0 = Release|Any CPU
		{1A055260-1B95-4FCF-A913-DFBBDEB96119}.Debug|Any CPU.ActiveCfg = Debug|Any CPU
		{1A055260-1B95-4FCF-A913-DFBBDEB96119}.Debug|Any CPU.Build.0 = Debug|Any CPU
		{1A055260-1B95-4FCF-A913-DFBBDEB96119}.Debug|x64.ActiveCfg = Debug|Any CPU
		{1A055260-1B95-4FCF-A913-DFBBDEB96119}.Debug|x64.Build.0 = Debug|Any CPU
		{1A055260-1B95-4FCF-A913-DFBBDEB96119}.Debug|x86.ActiveCfg = Debug|Any CPU
		{1A055260-1B95-4FCF-A913-DFBBDEB96119}.Debug|x86.Build.0 = Debug|Any CPU
		{1A055260-1B95-4FCF-A913-DFBBDEB96119}.Release|Any CPU.ActiveCfg = Release|Any CPU
		{1A055260-1B95-4FCF-A913-DFBBDEB96119}.Release|Any CPU.Build.0 = Release|Any CPU
		{1A055260-1B95-4FCF-A913-DFBBDEB96119}.Release|x64.ActiveCfg = Release|Any CPU
		{1A055260-1B95-4FCF-A913-DFBBDEB96119}.Release|x64.Build.0 = Release|Any CPU
		{1A055260-1B95-4FCF-A913-DFBBDEB96119}.Release|x86.ActiveCfg = Release|Any CPU
		{1A055260-1B95-4FCF-A913-DFBBDEB96119}.Release|x86.Build.0 = Release|Any CPU
		{278C3AB6-7864-4D32-B321-D80847F94F24}.Debug|Any CPU.ActiveCfg = Debug|Any CPU
		{278C3AB6-7864-4D32-B321-D80847F94F24}.Debug|Any CPU.Build.0 = Debug|Any CPU
		{278C3AB6-7864-4D32-B321-D80847F94F24}.Debug|x64.ActiveCfg = Debug|Any CPU
		{278C3AB6-7864-4D32-B321-D80847F94F24}.Debug|x64.Build.0 = Debug|Any CPU
		{278C3AB6-7864-4D32-B321-D80847F94F24}.Debug|x86.ActiveCfg = Debug|Any CPU
		{278C3AB6-7864-4D32-B321-D80847F94F24}.Debug|x86.Build.0 = Debug|Any CPU
		{278C3AB6-7864-4D32-B321-D80847F94F24}.Release|Any CPU.ActiveCfg = Release|Any CPU
		{278C3AB6-7864-4D32-B321-D80847F94F24}.Release|Any CPU.Build.0 = Release|Any CPU
		{278C3AB6-7864-4D32-B321-D80847F94F24}.Release|x64.ActiveCfg = Release|Any CPU
		{278C3AB6-7864-4D32-B321-D80847F94F24}.Release|x64.Build.0 = Release|Any CPU
		{278C3AB6-7864-4D32-B321-D80847F94F24}.Release|x86.ActiveCfg = Release|Any CPU
		{278C3AB6-7864-4D32-B321-D80847F94F24}.Release|x86.Build.0 = Release|Any CPU
		{1D65D5BB-4C18-47D9-976C-BA93BB89E6FA}.Debug|Any CPU.ActiveCfg = Debug|Any CPU
		{1D65D5BB-4C18-47D9-976C-BA93BB89E6FA}.Debug|Any CPU.Build.0 = Debug|Any CPU
		{1D65D5BB-4C18-47D9-976C-BA93BB89E6FA}.Debug|x64.ActiveCfg = Debug|Any CPU
		{1D65D5BB-4C18-47D9-976C-BA93BB89E6FA}.Debug|x64.Build.0 = Debug|Any CPU
		{1D65D5BB-4C18-47D9-976C-BA93BB89E6FA}.Debug|x86.ActiveCfg = Debug|Any CPU
		{1D65D5BB-4C18-47D9-976C-BA93BB89E6FA}.Debug|x86.Build.0 = Debug|Any CPU
		{1D65D5BB-4C18-47D9-976C-BA93BB89E6FA}.Release|Any CPU.ActiveCfg = Release|Any CPU
		{1D65D5BB-4C18-47D9-976C-BA93BB89E6FA}.Release|Any CPU.Build.0 = Release|Any CPU
		{1D65D5BB-4C18-47D9-976C-BA93BB89E6FA}.Release|x64.ActiveCfg = Release|Any CPU
		{1D65D5BB-4C18-47D9-976C-BA93BB89E6FA}.Release|x64.Build.0 = Release|Any CPU
		{1D65D5BB-4C18-47D9-976C-BA93BB89E6FA}.Release|x86.ActiveCfg = Release|Any CPU
		{1D65D5BB-4C18-47D9-976C-BA93BB89E6FA}.Release|x86.Build.0 = Release|Any CPU
		{178E59C4-50A4-4C09-84E4-1E7BC730ECD2}.Debug|Any CPU.ActiveCfg = Debug|Any CPU
		{178E59C4-50A4-4C09-84E4-1E7BC730ECD2}.Debug|Any CPU.Build.0 = Debug|Any CPU
		{178E59C4-50A4-4C09-84E4-1E7BC730ECD2}.Debug|x64.ActiveCfg = Debug|Any CPU
		{178E59C4-50A4-4C09-84E4-1E7BC730ECD2}.Debug|x64.Build.0 = Debug|Any CPU
		{178E59C4-50A4-4C09-84E4-1E7BC730ECD2}.Debug|x86.ActiveCfg = Debug|Any CPU
		{178E59C4-50A4-4C09-84E4-1E7BC730ECD2}.Debug|x86.Build.0 = Debug|Any CPU
		{178E59C4-50A4-4C09-84E4-1E7BC730ECD2}.Release|Any CPU.ActiveCfg = Release|Any CPU
		{178E59C4-50A4-4C09-84E4-1E7BC730ECD2}.Release|Any CPU.Build.0 = Release|Any CPU
		{178E59C4-50A4-4C09-84E4-1E7BC730ECD2}.Release|x64.ActiveCfg = Release|Any CPU
		{178E59C4-50A4-4C09-84E4-1E7BC730ECD2}.Release|x64.Build.0 = Release|Any CPU
		{178E59C4-50A4-4C09-84E4-1E7BC730ECD2}.Release|x86.ActiveCfg = Release|Any CPU
		{178E59C4-50A4-4C09-84E4-1E7BC730ECD2}.Release|x86.Build.0 = Release|Any CPU
		{180C0BD3-E67E-4705-8B5A-96BEA0F80740}.Debug|Any CPU.ActiveCfg = Debug|Any CPU
		{180C0BD3-E67E-4705-8B5A-96BEA0F80740}.Debug|Any CPU.Build.0 = Debug|Any CPU
		{180C0BD3-E67E-4705-8B5A-96BEA0F80740}.Debug|x64.ActiveCfg = Debug|Any CPU
		{180C0BD3-E67E-4705-8B5A-96BEA0F80740}.Debug|x64.Build.0 = Debug|Any CPU
		{180C0BD3-E67E-4705-8B5A-96BEA0F80740}.Debug|x86.ActiveCfg = Debug|Any CPU
		{180C0BD3-E67E-4705-8B5A-96BEA0F80740}.Debug|x86.Build.0 = Debug|Any CPU
		{180C0BD3-E67E-4705-8B5A-96BEA0F80740}.Release|Any CPU.ActiveCfg = Release|Any CPU
		{180C0BD3-E67E-4705-8B5A-96BEA0F80740}.Release|Any CPU.Build.0 = Release|Any CPU
		{180C0BD3-E67E-4705-8B5A-96BEA0F80740}.Release|x64.ActiveCfg = Release|Any CPU
		{180C0BD3-E67E-4705-8B5A-96BEA0F80740}.Release|x64.Build.0 = Release|Any CPU
		{180C0BD3-E67E-4705-8B5A-96BEA0F80740}.Release|x86.ActiveCfg = Release|Any CPU
		{180C0BD3-E67E-4705-8B5A-96BEA0F80740}.Release|x86.Build.0 = Release|Any CPU
		{3768B656-9FA5-4ABF-9B35-1C2C1F7FBC96}.Debug|Any CPU.ActiveCfg = Debug|Any CPU
		{3768B656-9FA5-4ABF-9B35-1C2C1F7FBC96}.Debug|Any CPU.Build.0 = Debug|Any CPU
		{3768B656-9FA5-4ABF-9B35-1C2C1F7FBC96}.Debug|x64.ActiveCfg = Debug|Any CPU
		{3768B656-9FA5-4ABF-9B35-1C2C1F7FBC96}.Debug|x64.Build.0 = Debug|Any CPU
		{3768B656-9FA5-4ABF-9B35-1C2C1F7FBC96}.Debug|x86.ActiveCfg = Debug|Any CPU
		{3768B656-9FA5-4ABF-9B35-1C2C1F7FBC96}.Debug|x86.Build.0 = Debug|Any CPU
		{3768B656-9FA5-4ABF-9B35-1C2C1F7FBC96}.Release|Any CPU.ActiveCfg = Release|Any CPU
		{3768B656-9FA5-4ABF-9B35-1C2C1F7FBC96}.Release|Any CPU.Build.0 = Release|Any CPU
		{3768B656-9FA5-4ABF-9B35-1C2C1F7FBC96}.Release|x64.ActiveCfg = Release|Any CPU
		{3768B656-9FA5-4ABF-9B35-1C2C1F7FBC96}.Release|x64.Build.0 = Release|Any CPU
		{3768B656-9FA5-4ABF-9B35-1C2C1F7FBC96}.Release|x86.ActiveCfg = Release|Any CPU
		{3768B656-9FA5-4ABF-9B35-1C2C1F7FBC96}.Release|x86.Build.0 = Release|Any CPU
		{AE2E424E-6D6D-4987-B870-3648B807A506}.Debug|Any CPU.ActiveCfg = Debug|Any CPU
		{AE2E424E-6D6D-4987-B870-3648B807A506}.Debug|Any CPU.Build.0 = Debug|Any CPU
		{AE2E424E-6D6D-4987-B870-3648B807A506}.Debug|x64.ActiveCfg = Debug|Any CPU
		{AE2E424E-6D6D-4987-B870-3648B807A506}.Debug|x64.Build.0 = Debug|Any CPU
		{AE2E424E-6D6D-4987-B870-3648B807A506}.Debug|x86.ActiveCfg = Debug|Any CPU
		{AE2E424E-6D6D-4987-B870-3648B807A506}.Debug|x86.Build.0 = Debug|Any CPU
		{AE2E424E-6D6D-4987-B870-3648B807A506}.Release|Any CPU.ActiveCfg = Release|Any CPU
		{AE2E424E-6D6D-4987-B870-3648B807A506}.Release|Any CPU.Build.0 = Release|Any CPU
		{AE2E424E-6D6D-4987-B870-3648B807A506}.Release|x64.ActiveCfg = Release|Any CPU
		{AE2E424E-6D6D-4987-B870-3648B807A506}.Release|x64.Build.0 = Release|Any CPU
		{AE2E424E-6D6D-4987-B870-3648B807A506}.Release|x86.ActiveCfg = Release|Any CPU
		{AE2E424E-6D6D-4987-B870-3648B807A506}.Release|x86.Build.0 = Release|Any CPU
		{BA692C2A-A062-41BF-BF05-E084A0560341}.Debug|Any CPU.ActiveCfg = Debug|Any CPU
		{BA692C2A-A062-41BF-BF05-E084A0560341}.Debug|Any CPU.Build.0 = Debug|Any CPU
		{BA692C2A-A062-41BF-BF05-E084A0560341}.Debug|x64.ActiveCfg = Debug|Any CPU
		{BA692C2A-A062-41BF-BF05-E084A0560341}.Debug|x64.Build.0 = Debug|Any CPU
		{BA692C2A-A062-41BF-BF05-E084A0560341}.Debug|x86.ActiveCfg = Debug|Any CPU
		{BA692C2A-A062-41BF-BF05-E084A0560341}.Debug|x86.Build.0 = Debug|Any CPU
		{BA692C2A-A062-41BF-BF05-E084A0560341}.Release|Any CPU.ActiveCfg = Release|Any CPU
		{BA692C2A-A062-41BF-BF05-E084A0560341}.Release|Any CPU.Build.0 = Release|Any CPU
		{BA692C2A-A062-41BF-BF05-E084A0560341}.Release|x64.ActiveCfg = Release|Any CPU
		{BA692C2A-A062-41BF-BF05-E084A0560341}.Release|x64.Build.0 = Release|Any CPU
		{BA692C2A-A062-41BF-BF05-E084A0560341}.Release|x86.ActiveCfg = Release|Any CPU
		{BA692C2A-A062-41BF-BF05-E084A0560341}.Release|x86.Build.0 = Release|Any CPU
		{2B1BB1ED-7C73-4B3B-8867-340CEB9DAB6A}.Debug|Any CPU.ActiveCfg = Debug|Any CPU
		{2B1BB1ED-7C73-4B3B-8867-340CEB9DAB6A}.Debug|Any CPU.Build.0 = Debug|Any CPU
		{2B1BB1ED-7C73-4B3B-8867-340CEB9DAB6A}.Debug|x64.ActiveCfg = Debug|Any CPU
		{2B1BB1ED-7C73-4B3B-8867-340CEB9DAB6A}.Debug|x64.Build.0 = Debug|Any CPU
		{2B1BB1ED-7C73-4B3B-8867-340CEB9DAB6A}.Debug|x86.ActiveCfg = Debug|Any CPU
		{2B1BB1ED-7C73-4B3B-8867-340CEB9DAB6A}.Debug|x86.Build.0 = Debug|Any CPU
		{2B1BB1ED-7C73-4B3B-8867-340CEB9DAB6A}.Release|Any CPU.ActiveCfg = Release|Any CPU
		{2B1BB1ED-7C73-4B3B-8867-340CEB9DAB6A}.Release|Any CPU.Build.0 = Release|Any CPU
		{2B1BB1ED-7C73-4B3B-8867-340CEB9DAB6A}.Release|x64.ActiveCfg = Release|Any CPU
		{2B1BB1ED-7C73-4B3B-8867-340CEB9DAB6A}.Release|x64.Build.0 = Release|Any CPU
		{2B1BB1ED-7C73-4B3B-8867-340CEB9DAB6A}.Release|x86.ActiveCfg = Release|Any CPU
		{2B1BB1ED-7C73-4B3B-8867-340CEB9DAB6A}.Release|x86.Build.0 = Release|Any CPU
		{C520C2D6-4D4D-4903-B925-40106CDCCA5F}.Debug|Any CPU.ActiveCfg = Debug|Any CPU
		{C520C2D6-4D4D-4903-B925-40106CDCCA5F}.Debug|Any CPU.Build.0 = Debug|Any CPU
		{C520C2D6-4D4D-4903-B925-40106CDCCA5F}.Debug|x64.ActiveCfg = Debug|Any CPU
		{C520C2D6-4D4D-4903-B925-40106CDCCA5F}.Debug|x64.Build.0 = Debug|Any CPU
		{C520C2D6-4D4D-4903-B925-40106CDCCA5F}.Debug|x86.ActiveCfg = Debug|Any CPU
		{C520C2D6-4D4D-4903-B925-40106CDCCA5F}.Debug|x86.Build.0 = Debug|Any CPU
		{C520C2D6-4D4D-4903-B925-40106CDCCA5F}.Release|Any CPU.ActiveCfg = Release|Any CPU
		{C520C2D6-4D4D-4903-B925-40106CDCCA5F}.Release|Any CPU.Build.0 = Release|Any CPU
		{C520C2D6-4D4D-4903-B925-40106CDCCA5F}.Release|x64.ActiveCfg = Release|Any CPU
		{C520C2D6-4D4D-4903-B925-40106CDCCA5F}.Release|x64.Build.0 = Release|Any CPU
		{C520C2D6-4D4D-4903-B925-40106CDCCA5F}.Release|x86.ActiveCfg = Release|Any CPU
		{C520C2D6-4D4D-4903-B925-40106CDCCA5F}.Release|x86.Build.0 = Release|Any CPU
		{9A8412CA-B988-4D6B-A40B-4EDCDB0A8C6D}.Debug|Any CPU.ActiveCfg = Debug|Any CPU
		{9A8412CA-B988-4D6B-A40B-4EDCDB0A8C6D}.Debug|Any CPU.Build.0 = Debug|Any CPU
		{9A8412CA-B988-4D6B-A40B-4EDCDB0A8C6D}.Debug|x64.ActiveCfg = Debug|Any CPU
		{9A8412CA-B988-4D6B-A40B-4EDCDB0A8C6D}.Debug|x64.Build.0 = Debug|Any CPU
		{9A8412CA-B988-4D6B-A40B-4EDCDB0A8C6D}.Debug|x86.ActiveCfg = Debug|Any CPU
		{9A8412CA-B988-4D6B-A40B-4EDCDB0A8C6D}.Debug|x86.Build.0 = Debug|Any CPU
		{9A8412CA-B988-4D6B-A40B-4EDCDB0A8C6D}.Release|Any CPU.ActiveCfg = Release|Any CPU
		{9A8412CA-B988-4D6B-A40B-4EDCDB0A8C6D}.Release|Any CPU.Build.0 = Release|Any CPU
		{9A8412CA-B988-4D6B-A40B-4EDCDB0A8C6D}.Release|x64.ActiveCfg = Release|Any CPU
		{9A8412CA-B988-4D6B-A40B-4EDCDB0A8C6D}.Release|x64.Build.0 = Release|Any CPU
		{9A8412CA-B988-4D6B-A40B-4EDCDB0A8C6D}.Release|x86.ActiveCfg = Release|Any CPU
		{9A8412CA-B988-4D6B-A40B-4EDCDB0A8C6D}.Release|x86.Build.0 = Release|Any CPU
		{CBFF91BA-2503-4129-96DD-74D1AC4FA027}.Debug|Any CPU.ActiveCfg = Debug|Any CPU
		{CBFF91BA-2503-4129-96DD-74D1AC4FA027}.Debug|Any CPU.Build.0 = Debug|Any CPU
		{CBFF91BA-2503-4129-96DD-74D1AC4FA027}.Debug|x64.ActiveCfg = Debug|Any CPU
		{CBFF91BA-2503-4129-96DD-74D1AC4FA027}.Debug|x64.Build.0 = Debug|Any CPU
		{CBFF91BA-2503-4129-96DD-74D1AC4FA027}.Debug|x86.ActiveCfg = Debug|Any CPU
		{CBFF91BA-2503-4129-96DD-74D1AC4FA027}.Debug|x86.Build.0 = Debug|Any CPU
		{CBFF91BA-2503-4129-96DD-74D1AC4FA027}.Release|Any CPU.ActiveCfg = Release|Any CPU
		{CBFF91BA-2503-4129-96DD-74D1AC4FA027}.Release|Any CPU.Build.0 = Release|Any CPU
		{CBFF91BA-2503-4129-96DD-74D1AC4FA027}.Release|x64.ActiveCfg = Release|Any CPU
		{CBFF91BA-2503-4129-96DD-74D1AC4FA027}.Release|x64.Build.0 = Release|Any CPU
		{CBFF91BA-2503-4129-96DD-74D1AC4FA027}.Release|x86.ActiveCfg = Release|Any CPU
		{CBFF91BA-2503-4129-96DD-74D1AC4FA027}.Release|x86.Build.0 = Release|Any CPU
		{7E64EA5B-3037-4B28-830B-EAC0EEBEAC73}.Debug|Any CPU.ActiveCfg = Debug|Any CPU
		{7E64EA5B-3037-4B28-830B-EAC0EEBEAC73}.Debug|Any CPU.Build.0 = Debug|Any CPU
		{7E64EA5B-3037-4B28-830B-EAC0EEBEAC73}.Debug|x64.ActiveCfg = Debug|Any CPU
		{7E64EA5B-3037-4B28-830B-EAC0EEBEAC73}.Debug|x64.Build.0 = Debug|Any CPU
		{7E64EA5B-3037-4B28-830B-EAC0EEBEAC73}.Debug|x86.ActiveCfg = Debug|Any CPU
		{7E64EA5B-3037-4B28-830B-EAC0EEBEAC73}.Debug|x86.Build.0 = Debug|Any CPU
		{7E64EA5B-3037-4B28-830B-EAC0EEBEAC73}.Release|Any CPU.ActiveCfg = Release|Any CPU
		{7E64EA5B-3037-4B28-830B-EAC0EEBEAC73}.Release|Any CPU.Build.0 = Release|Any CPU
		{7E64EA5B-3037-4B28-830B-EAC0EEBEAC73}.Release|x64.ActiveCfg = Release|Any CPU
		{7E64EA5B-3037-4B28-830B-EAC0EEBEAC73}.Release|x64.Build.0 = Release|Any CPU
		{7E64EA5B-3037-4B28-830B-EAC0EEBEAC73}.Release|x86.ActiveCfg = Release|Any CPU
		{7E64EA5B-3037-4B28-830B-EAC0EEBEAC73}.Release|x86.Build.0 = Release|Any CPU
		{55B0B9B2-F58B-4E7B-A2E9-FB809AA0EDE3}.Debug|Any CPU.ActiveCfg = Debug|Any CPU
		{55B0B9B2-F58B-4E7B-A2E9-FB809AA0EDE3}.Debug|Any CPU.Build.0 = Debug|Any CPU
		{55B0B9B2-F58B-4E7B-A2E9-FB809AA0EDE3}.Debug|x64.ActiveCfg = Debug|Any CPU
		{55B0B9B2-F58B-4E7B-A2E9-FB809AA0EDE3}.Debug|x64.Build.0 = Debug|Any CPU
		{55B0B9B2-F58B-4E7B-A2E9-FB809AA0EDE3}.Debug|x86.ActiveCfg = Debug|Any CPU
		{55B0B9B2-F58B-4E7B-A2E9-FB809AA0EDE3}.Debug|x86.Build.0 = Debug|Any CPU
		{55B0B9B2-F58B-4E7B-A2E9-FB809AA0EDE3}.Release|Any CPU.ActiveCfg = Release|Any CPU
		{55B0B9B2-F58B-4E7B-A2E9-FB809AA0EDE3}.Release|Any CPU.Build.0 = Release|Any CPU
		{55B0B9B2-F58B-4E7B-A2E9-FB809AA0EDE3}.Release|x64.ActiveCfg = Release|Any CPU
		{55B0B9B2-F58B-4E7B-A2E9-FB809AA0EDE3}.Release|x64.Build.0 = Release|Any CPU
		{55B0B9B2-F58B-4E7B-A2E9-FB809AA0EDE3}.Release|x86.ActiveCfg = Release|Any CPU
		{55B0B9B2-F58B-4E7B-A2E9-FB809AA0EDE3}.Release|x86.Build.0 = Release|Any CPU
		{2923D332-AD31-4CB9-B7D1-CE740A5ECBC2}.Debug|Any CPU.ActiveCfg = Debug|Any CPU
		{2923D332-AD31-4CB9-B7D1-CE740A5ECBC2}.Debug|Any CPU.Build.0 = Debug|Any CPU
		{2923D332-AD31-4CB9-B7D1-CE740A5ECBC2}.Debug|x64.ActiveCfg = Debug|Any CPU
		{2923D332-AD31-4CB9-B7D1-CE740A5ECBC2}.Debug|x64.Build.0 = Debug|Any CPU
		{2923D332-AD31-4CB9-B7D1-CE740A5ECBC2}.Debug|x86.ActiveCfg = Debug|Any CPU
		{2923D332-AD31-4CB9-B7D1-CE740A5ECBC2}.Debug|x86.Build.0 = Debug|Any CPU
		{2923D332-AD31-4CB9-B7D1-CE740A5ECBC2}.Release|Any CPU.ActiveCfg = Release|Any CPU
		{2923D332-AD31-4CB9-B7D1-CE740A5ECBC2}.Release|Any CPU.Build.0 = Release|Any CPU
		{2923D332-AD31-4CB9-B7D1-CE740A5ECBC2}.Release|x64.ActiveCfg = Release|Any CPU
		{2923D332-AD31-4CB9-B7D1-CE740A5ECBC2}.Release|x64.Build.0 = Release|Any CPU
		{2923D332-AD31-4CB9-B7D1-CE740A5ECBC2}.Release|x86.ActiveCfg = Release|Any CPU
		{2923D332-AD31-4CB9-B7D1-CE740A5ECBC2}.Release|x86.Build.0 = Release|Any CPU
		{3838B54B-32A8-493C-A7CD-E98EFB02B84C}.Debug|Any CPU.ActiveCfg = Debug|Any CPU
		{3838B54B-32A8-493C-A7CD-E98EFB02B84C}.Debug|Any CPU.Build.0 = Debug|Any CPU
		{3838B54B-32A8-493C-A7CD-E98EFB02B84C}.Debug|x64.ActiveCfg = Debug|Any CPU
		{3838B54B-32A8-493C-A7CD-E98EFB02B84C}.Debug|x64.Build.0 = Debug|Any CPU
		{3838B54B-32A8-493C-A7CD-E98EFB02B84C}.Debug|x86.ActiveCfg = Debug|Any CPU
		{3838B54B-32A8-493C-A7CD-E98EFB02B84C}.Debug|x86.Build.0 = Debug|Any CPU
		{3838B54B-32A8-493C-A7CD-E98EFB02B84C}.Release|Any CPU.ActiveCfg = Release|Any CPU
		{3838B54B-32A8-493C-A7CD-E98EFB02B84C}.Release|Any CPU.Build.0 = Release|Any CPU
		{3838B54B-32A8-493C-A7CD-E98EFB02B84C}.Release|x64.ActiveCfg = Release|Any CPU
		{3838B54B-32A8-493C-A7CD-E98EFB02B84C}.Release|x64.Build.0 = Release|Any CPU
		{3838B54B-32A8-493C-A7CD-E98EFB02B84C}.Release|x86.ActiveCfg = Release|Any CPU
		{3838B54B-32A8-493C-A7CD-E98EFB02B84C}.Release|x86.Build.0 = Release|Any CPU
		{3E83A3FA-3E59-404F-84E4-458E6CE428E3}.Debug|Any CPU.ActiveCfg = Debug|Any CPU
		{3E83A3FA-3E59-404F-84E4-458E6CE428E3}.Debug|Any CPU.Build.0 = Debug|Any CPU
		{3E83A3FA-3E59-404F-84E4-458E6CE428E3}.Debug|x64.ActiveCfg = Debug|Any CPU
		{3E83A3FA-3E59-404F-84E4-458E6CE428E3}.Debug|x64.Build.0 = Debug|Any CPU
		{3E83A3FA-3E59-404F-84E4-458E6CE428E3}.Debug|x86.ActiveCfg = Debug|Any CPU
		{3E83A3FA-3E59-404F-84E4-458E6CE428E3}.Debug|x86.Build.0 = Debug|Any CPU
		{3E83A3FA-3E59-404F-84E4-458E6CE428E3}.Release|Any CPU.ActiveCfg = Release|Any CPU
		{3E83A3FA-3E59-404F-84E4-458E6CE428E3}.Release|Any CPU.Build.0 = Release|Any CPU
		{3E83A3FA-3E59-404F-84E4-458E6CE428E3}.Release|x64.ActiveCfg = Release|Any CPU
		{3E83A3FA-3E59-404F-84E4-458E6CE428E3}.Release|x64.Build.0 = Release|Any CPU
		{3E83A3FA-3E59-404F-84E4-458E6CE428E3}.Release|x86.ActiveCfg = Release|Any CPU
		{3E83A3FA-3E59-404F-84E4-458E6CE428E3}.Release|x86.Build.0 = Release|Any CPU
		{5D40ADE3-4225-451F-AE73-3AD660BE845F}.Debug|Any CPU.ActiveCfg = Debug|Any CPU
		{5D40ADE3-4225-451F-AE73-3AD660BE845F}.Debug|Any CPU.Build.0 = Debug|Any CPU
		{5D40ADE3-4225-451F-AE73-3AD660BE845F}.Debug|x64.ActiveCfg = Debug|Any CPU
		{5D40ADE3-4225-451F-AE73-3AD660BE845F}.Debug|x64.Build.0 = Debug|Any CPU
		{5D40ADE3-4225-451F-AE73-3AD660BE845F}.Debug|x86.ActiveCfg = Debug|Any CPU
		{5D40ADE3-4225-451F-AE73-3AD660BE845F}.Debug|x86.Build.0 = Debug|Any CPU
		{5D40ADE3-4225-451F-AE73-3AD660BE845F}.Release|Any CPU.ActiveCfg = Release|Any CPU
		{5D40ADE3-4225-451F-AE73-3AD660BE845F}.Release|Any CPU.Build.0 = Release|Any CPU
		{5D40ADE3-4225-451F-AE73-3AD660BE845F}.Release|x64.ActiveCfg = Release|Any CPU
		{5D40ADE3-4225-451F-AE73-3AD660BE845F}.Release|x64.Build.0 = Release|Any CPU
		{5D40ADE3-4225-451F-AE73-3AD660BE845F}.Release|x86.ActiveCfg = Release|Any CPU
		{5D40ADE3-4225-451F-AE73-3AD660BE845F}.Release|x86.Build.0 = Release|Any CPU
		{BA62DA09-C414-40B7-A968-3DA1D0DB3D9F}.Debug|Any CPU.ActiveCfg = Debug|Any CPU
		{BA62DA09-C414-40B7-A968-3DA1D0DB3D9F}.Debug|Any CPU.Build.0 = Debug|Any CPU
		{BA62DA09-C414-40B7-A968-3DA1D0DB3D9F}.Debug|x64.ActiveCfg = Debug|Any CPU
		{BA62DA09-C414-40B7-A968-3DA1D0DB3D9F}.Debug|x64.Build.0 = Debug|Any CPU
		{BA62DA09-C414-40B7-A968-3DA1D0DB3D9F}.Debug|x86.ActiveCfg = Debug|Any CPU
		{BA62DA09-C414-40B7-A968-3DA1D0DB3D9F}.Debug|x86.Build.0 = Debug|Any CPU
		{BA62DA09-C414-40B7-A968-3DA1D0DB3D9F}.Release|Any CPU.ActiveCfg = Release|Any CPU
		{BA62DA09-C414-40B7-A968-3DA1D0DB3D9F}.Release|Any CPU.Build.0 = Release|Any CPU
		{BA62DA09-C414-40B7-A968-3DA1D0DB3D9F}.Release|x64.ActiveCfg = Release|Any CPU
		{BA62DA09-C414-40B7-A968-3DA1D0DB3D9F}.Release|x64.Build.0 = Release|Any CPU
		{BA62DA09-C414-40B7-A968-3DA1D0DB3D9F}.Release|x86.ActiveCfg = Release|Any CPU
		{BA62DA09-C414-40B7-A968-3DA1D0DB3D9F}.Release|x86.Build.0 = Release|Any CPU
		{E02D80B1-BCAF-48A1-926C-553FB443A24A}.Debug|Any CPU.ActiveCfg = Debug|Any CPU
		{E02D80B1-BCAF-48A1-926C-553FB443A24A}.Debug|Any CPU.Build.0 = Debug|Any CPU
		{E02D80B1-BCAF-48A1-926C-553FB443A24A}.Debug|x64.ActiveCfg = Debug|Any CPU
		{E02D80B1-BCAF-48A1-926C-553FB443A24A}.Debug|x64.Build.0 = Debug|Any CPU
		{E02D80B1-BCAF-48A1-926C-553FB443A24A}.Debug|x86.ActiveCfg = Debug|Any CPU
		{E02D80B1-BCAF-48A1-926C-553FB443A24A}.Debug|x86.Build.0 = Debug|Any CPU
		{E02D80B1-BCAF-48A1-926C-553FB443A24A}.Release|Any CPU.ActiveCfg = Release|Any CPU
		{E02D80B1-BCAF-48A1-926C-553FB443A24A}.Release|Any CPU.Build.0 = Release|Any CPU
		{E02D80B1-BCAF-48A1-926C-553FB443A24A}.Release|x64.ActiveCfg = Release|Any CPU
		{E02D80B1-BCAF-48A1-926C-553FB443A24A}.Release|x64.Build.0 = Release|Any CPU
		{E02D80B1-BCAF-48A1-926C-553FB443A24A}.Release|x86.ActiveCfg = Release|Any CPU
		{E02D80B1-BCAF-48A1-926C-553FB443A24A}.Release|x86.Build.0 = Release|Any CPU
		{541B5B39-18B1-4502-BE34-FA7C243B0ADA}.Debug|Any CPU.ActiveCfg = Debug|Any CPU
		{541B5B39-18B1-4502-BE34-FA7C243B0ADA}.Debug|Any CPU.Build.0 = Debug|Any CPU
		{541B5B39-18B1-4502-BE34-FA7C243B0ADA}.Debug|x64.ActiveCfg = Debug|Any CPU
		{541B5B39-18B1-4502-BE34-FA7C243B0ADA}.Debug|x64.Build.0 = Debug|Any CPU
		{541B5B39-18B1-4502-BE34-FA7C243B0ADA}.Debug|x86.ActiveCfg = Debug|Any CPU
		{541B5B39-18B1-4502-BE34-FA7C243B0ADA}.Debug|x86.Build.0 = Debug|Any CPU
		{541B5B39-18B1-4502-BE34-FA7C243B0ADA}.Release|Any CPU.ActiveCfg = Release|Any CPU
		{541B5B39-18B1-4502-BE34-FA7C243B0ADA}.Release|Any CPU.Build.0 = Release|Any CPU
		{541B5B39-18B1-4502-BE34-FA7C243B0ADA}.Release|x64.ActiveCfg = Release|Any CPU
		{541B5B39-18B1-4502-BE34-FA7C243B0ADA}.Release|x64.Build.0 = Release|Any CPU
		{541B5B39-18B1-4502-BE34-FA7C243B0ADA}.Release|x86.ActiveCfg = Release|Any CPU
		{541B5B39-18B1-4502-BE34-FA7C243B0ADA}.Release|x86.Build.0 = Release|Any CPU
		{D83B4E46-C66B-4D20-A692-469D4228876F}.Debug|Any CPU.ActiveCfg = Debug|Any CPU
		{D83B4E46-C66B-4D20-A692-469D4228876F}.Debug|Any CPU.Build.0 = Debug|Any CPU
		{D83B4E46-C66B-4D20-A692-469D4228876F}.Debug|x64.ActiveCfg = Debug|Any CPU
		{D83B4E46-C66B-4D20-A692-469D4228876F}.Debug|x64.Build.0 = Debug|Any CPU
		{D83B4E46-C66B-4D20-A692-469D4228876F}.Debug|x86.ActiveCfg = Debug|Any CPU
		{D83B4E46-C66B-4D20-A692-469D4228876F}.Debug|x86.Build.0 = Debug|Any CPU
		{D83B4E46-C66B-4D20-A692-469D4228876F}.Release|Any CPU.ActiveCfg = Release|Any CPU
		{D83B4E46-C66B-4D20-A692-469D4228876F}.Release|Any CPU.Build.0 = Release|Any CPU
		{D83B4E46-C66B-4D20-A692-469D4228876F}.Release|x64.ActiveCfg = Release|Any CPU
		{D83B4E46-C66B-4D20-A692-469D4228876F}.Release|x64.Build.0 = Release|Any CPU
		{D83B4E46-C66B-4D20-A692-469D4228876F}.Release|x86.ActiveCfg = Release|Any CPU
		{D83B4E46-C66B-4D20-A692-469D4228876F}.Release|x86.Build.0 = Release|Any CPU
		{7C512F42-6C2C-4D52-9F0B-60181E9C1DAA}.Debug|Any CPU.ActiveCfg = Debug|Any CPU
		{7C512F42-6C2C-4D52-9F0B-60181E9C1DAA}.Debug|Any CPU.Build.0 = Debug|Any CPU
		{7C512F42-6C2C-4D52-9F0B-60181E9C1DAA}.Debug|x64.ActiveCfg = Debug|Any CPU
		{7C512F42-6C2C-4D52-9F0B-60181E9C1DAA}.Debug|x64.Build.0 = Debug|Any CPU
		{7C512F42-6C2C-4D52-9F0B-60181E9C1DAA}.Debug|x86.ActiveCfg = Debug|Any CPU
		{7C512F42-6C2C-4D52-9F0B-60181E9C1DAA}.Debug|x86.Build.0 = Debug|Any CPU
		{7C512F42-6C2C-4D52-9F0B-60181E9C1DAA}.Release|Any CPU.ActiveCfg = Release|Any CPU
		{7C512F42-6C2C-4D52-9F0B-60181E9C1DAA}.Release|Any CPU.Build.0 = Release|Any CPU
		{7C512F42-6C2C-4D52-9F0B-60181E9C1DAA}.Release|x64.ActiveCfg = Release|Any CPU
		{7C512F42-6C2C-4D52-9F0B-60181E9C1DAA}.Release|x64.Build.0 = Release|Any CPU
		{7C512F42-6C2C-4D52-9F0B-60181E9C1DAA}.Release|x86.ActiveCfg = Release|Any CPU
		{7C512F42-6C2C-4D52-9F0B-60181E9C1DAA}.Release|x86.Build.0 = Release|Any CPU
		{360CBEA3-4060-4FCD-BA60-6B1AA0443C88}.Debug|Any CPU.ActiveCfg = Debug|Any CPU
		{360CBEA3-4060-4FCD-BA60-6B1AA0443C88}.Debug|Any CPU.Build.0 = Debug|Any CPU
		{360CBEA3-4060-4FCD-BA60-6B1AA0443C88}.Debug|x64.ActiveCfg = Debug|Any CPU
		{360CBEA3-4060-4FCD-BA60-6B1AA0443C88}.Debug|x64.Build.0 = Debug|Any CPU
		{360CBEA3-4060-4FCD-BA60-6B1AA0443C88}.Debug|x86.ActiveCfg = Debug|Any CPU
		{360CBEA3-4060-4FCD-BA60-6B1AA0443C88}.Debug|x86.Build.0 = Debug|Any CPU
		{360CBEA3-4060-4FCD-BA60-6B1AA0443C88}.Release|Any CPU.ActiveCfg = Release|Any CPU
		{360CBEA3-4060-4FCD-BA60-6B1AA0443C88}.Release|Any CPU.Build.0 = Release|Any CPU
		{360CBEA3-4060-4FCD-BA60-6B1AA0443C88}.Release|x64.ActiveCfg = Release|Any CPU
		{360CBEA3-4060-4FCD-BA60-6B1AA0443C88}.Release|x64.Build.0 = Release|Any CPU
		{360CBEA3-4060-4FCD-BA60-6B1AA0443C88}.Release|x86.ActiveCfg = Release|Any CPU
		{360CBEA3-4060-4FCD-BA60-6B1AA0443C88}.Release|x86.Build.0 = Release|Any CPU
		{134FAC72-630E-4D28-B36D-656382FD736A}.Debug|Any CPU.ActiveCfg = Debug|Any CPU
		{134FAC72-630E-4D28-B36D-656382FD736A}.Debug|Any CPU.Build.0 = Debug|Any CPU
		{134FAC72-630E-4D28-B36D-656382FD736A}.Debug|x64.ActiveCfg = Debug|Any CPU
		{134FAC72-630E-4D28-B36D-656382FD736A}.Debug|x64.Build.0 = Debug|Any CPU
		{134FAC72-630E-4D28-B36D-656382FD736A}.Debug|x86.ActiveCfg = Debug|Any CPU
		{134FAC72-630E-4D28-B36D-656382FD736A}.Debug|x86.Build.0 = Debug|Any CPU
		{134FAC72-630E-4D28-B36D-656382FD736A}.Release|Any CPU.ActiveCfg = Release|Any CPU
		{134FAC72-630E-4D28-B36D-656382FD736A}.Release|Any CPU.Build.0 = Release|Any CPU
		{134FAC72-630E-4D28-B36D-656382FD736A}.Release|x64.ActiveCfg = Release|Any CPU
		{134FAC72-630E-4D28-B36D-656382FD736A}.Release|x64.Build.0 = Release|Any CPU
		{134FAC72-630E-4D28-B36D-656382FD736A}.Release|x86.ActiveCfg = Release|Any CPU
		{134FAC72-630E-4D28-B36D-656382FD736A}.Release|x86.Build.0 = Release|Any CPU
		{0106B444-3C35-4338-AB44-367803369C7B}.Debug|Any CPU.ActiveCfg = Debug|Any CPU
		{0106B444-3C35-4338-AB44-367803369C7B}.Debug|Any CPU.Build.0 = Debug|Any CPU
		{0106B444-3C35-4338-AB44-367803369C7B}.Debug|x64.ActiveCfg = Debug|Any CPU
		{0106B444-3C35-4338-AB44-367803369C7B}.Debug|x64.Build.0 = Debug|Any CPU
		{0106B444-3C35-4338-AB44-367803369C7B}.Debug|x86.ActiveCfg = Debug|Any CPU
		{0106B444-3C35-4338-AB44-367803369C7B}.Debug|x86.Build.0 = Debug|Any CPU
		{0106B444-3C35-4338-AB44-367803369C7B}.Release|Any CPU.ActiveCfg = Release|Any CPU
		{0106B444-3C35-4338-AB44-367803369C7B}.Release|Any CPU.Build.0 = Release|Any CPU
		{0106B444-3C35-4338-AB44-367803369C7B}.Release|x64.ActiveCfg = Release|Any CPU
		{0106B444-3C35-4338-AB44-367803369C7B}.Release|x64.Build.0 = Release|Any CPU
		{0106B444-3C35-4338-AB44-367803369C7B}.Release|x86.ActiveCfg = Release|Any CPU
		{0106B444-3C35-4338-AB44-367803369C7B}.Release|x86.Build.0 = Release|Any CPU
		{46987D2E-9D52-4CB2-9717-ED78AE55BE50}.Debug|Any CPU.ActiveCfg = Debug|Any CPU
		{46987D2E-9D52-4CB2-9717-ED78AE55BE50}.Debug|Any CPU.Build.0 = Debug|Any CPU
		{46987D2E-9D52-4CB2-9717-ED78AE55BE50}.Debug|x64.ActiveCfg = Debug|Any CPU
		{46987D2E-9D52-4CB2-9717-ED78AE55BE50}.Debug|x64.Build.0 = Debug|Any CPU
		{46987D2E-9D52-4CB2-9717-ED78AE55BE50}.Debug|x86.ActiveCfg = Debug|Any CPU
		{46987D2E-9D52-4CB2-9717-ED78AE55BE50}.Debug|x86.Build.0 = Debug|Any CPU
		{46987D2E-9D52-4CB2-9717-ED78AE55BE50}.Release|Any CPU.ActiveCfg = Release|Any CPU
		{46987D2E-9D52-4CB2-9717-ED78AE55BE50}.Release|Any CPU.Build.0 = Release|Any CPU
		{46987D2E-9D52-4CB2-9717-ED78AE55BE50}.Release|x64.ActiveCfg = Release|Any CPU
		{46987D2E-9D52-4CB2-9717-ED78AE55BE50}.Release|x64.Build.0 = Release|Any CPU
		{46987D2E-9D52-4CB2-9717-ED78AE55BE50}.Release|x86.ActiveCfg = Release|Any CPU
		{46987D2E-9D52-4CB2-9717-ED78AE55BE50}.Release|x86.Build.0 = Release|Any CPU
		{CC5301A7-FFB7-4436-AD80-D6DDDF40E070}.Debug|Any CPU.ActiveCfg = Debug|Any CPU
		{CC5301A7-FFB7-4436-AD80-D6DDDF40E070}.Debug|Any CPU.Build.0 = Debug|Any CPU
		{CC5301A7-FFB7-4436-AD80-D6DDDF40E070}.Debug|x64.ActiveCfg = Debug|Any CPU
		{CC5301A7-FFB7-4436-AD80-D6DDDF40E070}.Debug|x64.Build.0 = Debug|Any CPU
		{CC5301A7-FFB7-4436-AD80-D6DDDF40E070}.Debug|x86.ActiveCfg = Debug|Any CPU
		{CC5301A7-FFB7-4436-AD80-D6DDDF40E070}.Debug|x86.Build.0 = Debug|Any CPU
		{CC5301A7-FFB7-4436-AD80-D6DDDF40E070}.Release|Any CPU.ActiveCfg = Release|Any CPU
		{CC5301A7-FFB7-4436-AD80-D6DDDF40E070}.Release|Any CPU.Build.0 = Release|Any CPU
		{CC5301A7-FFB7-4436-AD80-D6DDDF40E070}.Release|x64.ActiveCfg = Release|Any CPU
		{CC5301A7-FFB7-4436-AD80-D6DDDF40E070}.Release|x64.Build.0 = Release|Any CPU
		{CC5301A7-FFB7-4436-AD80-D6DDDF40E070}.Release|x86.ActiveCfg = Release|Any CPU
		{CC5301A7-FFB7-4436-AD80-D6DDDF40E070}.Release|x86.Build.0 = Release|Any CPU
		{CCD30DEB-3EC2-435B-92CA-9CC13016B1BD}.Debug|Any CPU.ActiveCfg = Debug|Any CPU
		{CCD30DEB-3EC2-435B-92CA-9CC13016B1BD}.Debug|Any CPU.Build.0 = Debug|Any CPU
		{CCD30DEB-3EC2-435B-92CA-9CC13016B1BD}.Debug|x64.ActiveCfg = Debug|Any CPU
		{CCD30DEB-3EC2-435B-92CA-9CC13016B1BD}.Debug|x64.Build.0 = Debug|Any CPU
		{CCD30DEB-3EC2-435B-92CA-9CC13016B1BD}.Debug|x86.ActiveCfg = Debug|Any CPU
		{CCD30DEB-3EC2-435B-92CA-9CC13016B1BD}.Debug|x86.Build.0 = Debug|Any CPU
		{CCD30DEB-3EC2-435B-92CA-9CC13016B1BD}.Release|Any CPU.ActiveCfg = Release|Any CPU
		{CCD30DEB-3EC2-435B-92CA-9CC13016B1BD}.Release|Any CPU.Build.0 = Release|Any CPU
		{CCD30DEB-3EC2-435B-92CA-9CC13016B1BD}.Release|x64.ActiveCfg = Release|Any CPU
		{CCD30DEB-3EC2-435B-92CA-9CC13016B1BD}.Release|x64.Build.0 = Release|Any CPU
		{CCD30DEB-3EC2-435B-92CA-9CC13016B1BD}.Release|x86.ActiveCfg = Release|Any CPU
		{CCD30DEB-3EC2-435B-92CA-9CC13016B1BD}.Release|x86.Build.0 = Release|Any CPU
	EndGlobalSection
	GlobalSection(SolutionProperties) = preSolution
		HideSolutionNode = FALSE
	EndGlobalSection
	GlobalSection(NestedProjects) = preSolution
		{F2EAF69D-FF44-4316-BAEC-EF748E125C3A} = {0862FAA6-6C79-4CFE-B837-486247EDB6CF}
		{EF513E3B-13EB-49F2-B853-CABCCE342AD8} = {0862FAA6-6C79-4CFE-B837-486247EDB6CF}
		{DEF862F0-B866-4C17-82D8-7578403A7284} = {0862FAA6-6C79-4CFE-B837-486247EDB6CF}
		{BF78F9F9-8638-4978-BB54-29C444C13DA9} = {0862FAA6-6C79-4CFE-B837-486247EDB6CF}
		{3D79F0FC-6A56-45F2-A3B9-80BC49FDCF07} = {0862FAA6-6C79-4CFE-B837-486247EDB6CF}
		{A582931B-3110-4154-9D5D-33325BC303EC} = {0862FAA6-6C79-4CFE-B837-486247EDB6CF}
		{F3EC8D05-266F-49F2-BB36-774E70321B55} = {0862FAA6-6C79-4CFE-B837-486247EDB6CF}
		{0B8DF50B-F833-4829-9BFF-AD684890A6DE} = {0862FAA6-6C79-4CFE-B837-486247EDB6CF}
		{8ED5180E-D314-4207-B201-E4BA31FB7A03} = {0862FAA6-6C79-4CFE-B837-486247EDB6CF}
		{25FC2BFC-4C7B-45C4-A76A-2CEC23DE5017} = {0862FAA6-6C79-4CFE-B837-486247EDB6CF}
		{55837F3D-C138-4B2A-9C10-A8736ED71F6A} = {0862FAA6-6C79-4CFE-B837-486247EDB6CF}
		{0036E483-9719-4E4F-A015-9665AE04C314} = {0862FAA6-6C79-4CFE-B837-486247EDB6CF}
		{12610DD9-A382-480B-89CF-AACD84110331} = {0862FAA6-6C79-4CFE-B837-486247EDB6CF}
		{042C64F7-EA93-4B3E-B936-D9EC1C718C69} = {0862FAA6-6C79-4CFE-B837-486247EDB6CF}
		{C5D8AFBD-1A77-40E4-A9B6-9AB2B2EA9DB4} = {0862FAA6-6C79-4CFE-B837-486247EDB6CF}
		{4B5D0A16-7660-4BF7-B648-742AF4B82841} = {0862FAA6-6C79-4CFE-B837-486247EDB6CF}
		{3F8E61B6-10C7-4D0E-9358-0E2FE9FD218C} = {0862FAA6-6C79-4CFE-B837-486247EDB6CF}
		{7E114F31-B36D-4770-9507-2E6060256169} = {0862FAA6-6C79-4CFE-B837-486247EDB6CF}
		{8EE6B211-2527-4E4E-BC21-E4D448AF4F5C} = {0862FAA6-6C79-4CFE-B837-486247EDB6CF}
		{CE500B38-9EF7-441B-8219-6A7D59FD6914} = {0862FAA6-6C79-4CFE-B837-486247EDB6CF}
		{4D8557F8-22F2-4CD5-8152-8BE13E0A533F} = {0862FAA6-6C79-4CFE-B837-486247EDB6CF}
		{E2D264C7-7C09-4216-892A-7A236327BCD2} = {0862FAA6-6C79-4CFE-B837-486247EDB6CF}
		{BB52C767-E22F-464D-A788-0EF081BC08F8} = {0862FAA6-6C79-4CFE-B837-486247EDB6CF}
		{E7DB86A3-951F-43DD-99D1-CB33CC151E71} = {0862FAA6-6C79-4CFE-B837-486247EDB6CF}
		{B81801A5-94B4-428B-9C4D-E846CA4F2A91} = {0862FAA6-6C79-4CFE-B837-486247EDB6CF}
		{71BE035E-124B-4F6E-B22A-6BB2112B7FD2} = {0862FAA6-6C79-4CFE-B837-486247EDB6CF}
		{468C95E5-C212-4618-A7AC-C465BCBC7613} = {0862FAA6-6C79-4CFE-B837-486247EDB6CF}
		{1A055260-1B95-4FCF-A913-DFBBDEB96119} = {0862FAA6-6C79-4CFE-B837-486247EDB6CF}
		{278C3AB6-7864-4D32-B321-D80847F94F24} = {D89722B1-7082-964B-5EB3-32CAD3EDD7FF}
		{1D65D5BB-4C18-47D9-976C-BA93BB89E6FA} = {D89722B1-7082-964B-5EB3-32CAD3EDD7FF}
		{178E59C4-50A4-4C09-84E4-1E7BC730ECD2} = {D89722B1-7082-964B-5EB3-32CAD3EDD7FF}
		{180C0BD3-E67E-4705-8B5A-96BEA0F80740} = {D89722B1-7082-964B-5EB3-32CAD3EDD7FF}
		{3768B656-9FA5-4ABF-9B35-1C2C1F7FBC96} = {D89722B1-7082-964B-5EB3-32CAD3EDD7FF}
		{AE2E424E-6D6D-4987-B870-3648B807A506} = {D89722B1-7082-964B-5EB3-32CAD3EDD7FF}
		{BA692C2A-A062-41BF-BF05-E084A0560341} = {D89722B1-7082-964B-5EB3-32CAD3EDD7FF}
		{2B1BB1ED-7C73-4B3B-8867-340CEB9DAB6A} = {D89722B1-7082-964B-5EB3-32CAD3EDD7FF}
		{C520C2D6-4D4D-4903-B925-40106CDCCA5F} = {D89722B1-7082-964B-5EB3-32CAD3EDD7FF}
		{9A8412CA-B988-4D6B-A40B-4EDCDB0A8C6D} = {D89722B1-7082-964B-5EB3-32CAD3EDD7FF}
		{CBFF91BA-2503-4129-96DD-74D1AC4FA027} = {D89722B1-7082-964B-5EB3-32CAD3EDD7FF}
		{7E64EA5B-3037-4B28-830B-EAC0EEBEAC73} = {D89722B1-7082-964B-5EB3-32CAD3EDD7FF}
		{55B0B9B2-F58B-4E7B-A2E9-FB809AA0EDE3} = {D89722B1-7082-964B-5EB3-32CAD3EDD7FF}
		{2923D332-AD31-4CB9-B7D1-CE740A5ECBC2} = {D89722B1-7082-964B-5EB3-32CAD3EDD7FF}
		{3838B54B-32A8-493C-A7CD-E98EFB02B84C} = {D89722B1-7082-964B-5EB3-32CAD3EDD7FF}
		{3E83A3FA-3E59-404F-84E4-458E6CE428E3} = {D89722B1-7082-964B-5EB3-32CAD3EDD7FF}
		{5D40ADE3-4225-451F-AE73-3AD660BE845F} = {D89722B1-7082-964B-5EB3-32CAD3EDD7FF}
		{BA62DA09-C414-40B7-A968-3DA1D0DB3D9F} = {D89722B1-7082-964B-5EB3-32CAD3EDD7FF}
		{E02D80B1-BCAF-48A1-926C-553FB443A24A} = {D89722B1-7082-964B-5EB3-32CAD3EDD7FF}
		{541B5B39-18B1-4502-BE34-FA7C243B0ADA} = {D89722B1-7082-964B-5EB3-32CAD3EDD7FF}
		{D83B4E46-C66B-4D20-A692-469D4228876F} = {D89722B1-7082-964B-5EB3-32CAD3EDD7FF}
		{7C512F42-6C2C-4D52-9F0B-60181E9C1DAA} = {D89722B1-7082-964B-5EB3-32CAD3EDD7FF}
		{360CBEA3-4060-4FCD-BA60-6B1AA0443C88} = {D89722B1-7082-964B-5EB3-32CAD3EDD7FF}
		{134FAC72-630E-4D28-B36D-656382FD736A} = {D89722B1-7082-964B-5EB3-32CAD3EDD7FF}
		{0106B444-3C35-4338-AB44-367803369C7B} = {D89722B1-7082-964B-5EB3-32CAD3EDD7FF}
		{46987D2E-9D52-4CB2-9717-ED78AE55BE50} = {D89722B1-7082-964B-5EB3-32CAD3EDD7FF}
		{CC5301A7-FFB7-4436-AD80-D6DDDF40E070} = {D89722B1-7082-964B-5EB3-32CAD3EDD7FF}
		{CCD30DEB-3EC2-435B-92CA-9CC13016B1BD} = {D89722B1-7082-964B-5EB3-32CAD3EDD7FF}
	EndGlobalSection
	GlobalSection(ExtensibilityGlobals) = postSolution
		SolutionGuid = {4AA12931-2E12-4197-8569-9BA942F2C976}
	EndGlobalSection
EndGlobal
